{
  "version": 4,
  "terraform_version": "1.5.2",
  "serial": 82,
  "lineage": "95143f4a-de2e-468d-2b0c-6349b9d09457",
  "outputs": {},
  "resources": [
    {
      "mode": "data",
      "type": "huaweicloud_availability_zones",
      "name": "azs",
      "provider": "provider[\"registry.terraform.io/huaweicloud/huaweicloud\"]",
      "instances": [
        {
          "schema_version": 0,
          "attributes": {
            "id": "1906147067",
            "names": [
              "la-south-2a",
              "la-south-2b"
            ],
            "region": "la-south-2",
            "state": "available"
          },
          "sensitive_attributes": []
        }
      ]
    },
    {
      "mode": "data",
      "type": "huaweicloud_dcs_flavors",
      "name": "single_flavors",
      "provider": "provider[\"registry.terraform.io/huaweicloud/huaweicloud\"]",
      "instances": [
        {
          "schema_version": 0,
          "attributes": {
            "cache_mode": "single",
            "capacity": 1,
            "cpu_architecture": null,
            "engine": "Redis",
            "engine_version": null,
            "flavors": [
              {
                "available_zones": [
                  "la-south-2b",
                  "la-south-2a"
                ],
                "cache_mode": "single",
                "capacity": 1,
                "charging_modes": [
                  "Hourly",
                  "Monthly",
                  "Yearly"
                ],
                "cpu_architecture": "x86_64",
                "engine": "redis",
                "engine_versions": "4.0;5.0;6.0",
                "ip_count": 1,
                "name": "redis.single.xu1.large.1"
              }
            ],
            "id": "815030921",
            "name": null,
            "region": "la-south-2"
          },
          "sensitive_attributes": []
        }
      ]
    },
    {
      "mode": "managed",
      "type": "huaweicloud_dcs_instance",
      "name": "ops_redis",
      "provider": "provider[\"registry.terraform.io/huaweicloud/huaweicloud\"]",
      "instances": [
        {
          "schema_version": 0,
          "attributes": {
            "access_user": "",
            "auto_pay": null,
            "auto_renew": null,
            "availability_zones": [
              "la-south-2a"
            ],
            "available_zones": null,
            "backup_at": null,
            "backup_policy": [],
            "backup_type": null,
            "begin_at": null,
            "capacity": 1,
            "charging_mode": "postPaid",
            "deleted_nodes": null,
            "description": "",
            "domain_name": "redis-ea72ab16-3bda-4d0e-b05e-eafb1609964e.la-south-2.dcs.myhuaweicloud.com",
            "engine": "Redis",
            "engine_version": "6.0",
            "enterprise_project_id": "0",
            "enterprise_project_name": null,
            "flavor": "redis.single.xu1.large.1",
            "id": "ea72ab16-3bda-4d0e-b05e-eafb1609964e",
            "internal_version": null,
            "ip": "172.16.157.191",
            "maintain_begin": "18:00:00",
            "maintain_end": "19:00:00",
            "max_memory": 1024,
            "name": "ops-redis",
            "order_id": null,
            "parameters": [],
            "password": "Ybxf^9Z7000",
            "period": null,
            "period_type": null,
            "period_unit": null,
            "port": 6379,
            "private_ip": "172.16.157.191",
            "product_id": null,
            "region": "la-south-2",
            "rename_commands": null,
            "reserved_ips": null,
            "save_days": null,
            "security_group_id": "",
            "security_group_name": "",
            "status": "RUNNING",
            "subnet_id": "0eab3f51-79b1-41ce-964a-50d56daea3db",
            "subnet_name": "ops-data",
            "tags": {},
            "template_id": null,
            "timeouts": null,
            "used_memory": 1,
            "user_id": "fabef15ec5c9450986e5555e0c198e57",
            "user_name": "diego_ramirez",
            "vpc_id": "cd1e42df-8292-45e1-beb8-e3b8c8c5daab",
            "vpc_name": "ops-data",
            "whitelist_enable": true,
            "whitelists": [
              {
                "group_name": "pods",
                "ip_address": [
                  "10.0.32.0/20",
                  "10.0.0.0/20",
                  "10.0.48.0/20"
                ]
              }
            ]
          },
          "sensitive_attributes": [],
          "private": "eyJlMmJmYjczMC1lY2FhLTExZTYtOGY4OC0zNDM2M2JjN2M0YzAiOnsiY3JlYXRlIjo3MjAwMDAwMDAwMDAwLCJkZWxldGUiOjkwMDAwMDAwMDAwMCwidXBkYXRlIjo3MjAwMDAwMDAwMDAwfX0=",
          "dependencies": [
            "data.huaweicloud_availability_zones.azs",
            "data.huaweicloud_dcs_flavors.single_flavors",
            "module.ops_data_vpc.huaweicloud_vpc.this",
            "module.ops_data_vpc.huaweicloud_vpc_subnet.this"
          ]
        }
      ]
    },
    {
      "mode": "managed",
      "type": "huaweicloud_nat_gateway",
      "name": "nat_gateway",
      "provider": "provider[\"registry.terraform.io/huaweicloud/huaweicloud\"]",
      "instances": [
        {
          "schema_version": 0,
          "attributes": {
            "description": "example for net test",
            "enterprise_project_id": "0",
            "id": "b82394a1-314f-4e68-972c-afca5363d1ef",
            "name": "ops-nat",
            "region": "la-south-2",
            "spec": "1",
            "status": "ACTIVE",
            "subnet_id": "248b4dbd-d96d-48a7-8e21-fce248ce552b",
            "tags": {},
            "timeouts": null,
            "vpc_id": "c26b10ee-c591-4690-8399-bda836435b08"
          },
          "sensitive_attributes": [],
          "private": "eyJlMmJmYjczMC1lY2FhLTExZTYtOGY4OC0zNDM2M2JjN2M0YzAiOnsiY3JlYXRlIjozMDAwMDAwMDAwMDAsImRlbGV0ZSI6MzAwMDAwMDAwMDAwLCJ1cGRhdGUiOjMwMDAwMDAwMDAwMH19",
          "dependencies": [
            "module.ops_vpc.huaweicloud_vpc.this",
            "module.ops_vpc.huaweicloud_vpc_subnet.this"
          ]
        }
      ]
    },
    {
      "mode": "managed",
      "type": "huaweicloud_nat_snat_rule",
      "name": "snat",
      "provider": "provider[\"registry.terraform.io/huaweicloud/huaweicloud\"]",
      "instances": [
        {
          "schema_version": 0,
          "attributes": {
            "cidr": "",
            "description": "",
            "floating_ip_address": "101.44.8.112",
            "floating_ip_id": "745ff76f-ad76-4f20-8e2d-ffd1dee8126f",
            "id": "8e7f7eeb-7e34-4eba-926b-f170b8824bb8",
            "nat_gateway_id": "b82394a1-314f-4e68-972c-afca5363d1ef",
            "network_id": null,
            "region": "la-south-2",
            "source_type": 0,
            "status": "ACTIVE",
            "subnet_id": "248b4dbd-d96d-48a7-8e21-fce248ce552b",
            "timeouts": null
          },
          "sensitive_attributes": [],
          "private": "eyJlMmJmYjczMC1lY2FhLTExZTYtOGY4OC0zNDM2M2JjN2M0YzAiOnsiY3JlYXRlIjozMDAwMDAwMDAwMDAsImRlbGV0ZSI6MzAwMDAwMDAwMDAwLCJ1cGRhdGUiOjMwMDAwMDAwMDAwMH19",
          "dependencies": [
            "huaweicloud_nat_gateway.nat_gateway",
            "huaweicloud_vpc_eip.ops_nat_eip",
            "module.ops_vpc.huaweicloud_vpc.this",
            "module.ops_vpc.huaweicloud_vpc_subnet.this"
          ]
        }
      ]
    },
    {
      "mode": "managed",
      "type": "huaweicloud_networking_secgroup",
      "name": "pods_to_rds_pg",
      "provider": "provider[\"registry.terraform.io/huaweicloud/huaweicloud\"]",
      "instances": [
        {
          "schema_version": 0,
          "attributes": {
            "created_at": "2024-01-26T04:12:41Z",
            "delete_default_rules": null,
            "description": "basic security group",
            "enterprise_project_id": "0",
            "id": "c2f5ec13-5f51-4568-94ee-2e9fbe56d788",
            "name": "pods-to-rds-pg",
            "region": "la-south-2",
            "rules": [
              {
                "action": "allow",
                "description": "",
                "direction": "ingress",
                "ethertype": "IPv4",
                "id": "6c06032b-34a3-4b38-8be8-001c48b77371",
                "port_range_max": 65535,
                "port_range_min": 1,
                "ports": "1-65535",
                "priority": 1,
                "protocol": "tcp",
                "remote_address_group_id": "",
                "remote_group_id": "",
                "remote_ip_prefix": "172.16.0.0/16"
              },
              {
                "action": "allow",
                "description": "",
                "direction": "ingress",
                "ethertype": "IPv4",
                "id": "540dddf5-5382-4608-9f86-bb3cd4d67b60",
                "port_range_max": 5432,
                "port_range_min": 5432,
                "ports": "5432",
                "priority": 1,
                "protocol": "tcp",
                "remote_address_group_id": "",
                "remote_group_id": "",
                "remote_ip_prefix": "10.0.32.0/20"
              },
              {
                "action": "allow",
                "description": "",
                "direction": "ingress",
                "ethertype": "IPv4",
                "id": "aed95c0e-e5b3-4bae-8629-21a542d7c585",
                "port_range_max": 5432,
                "port_range_min": 5432,
                "ports": "5432",
                "priority": 1,
                "protocol": "tcp",
                "remote_address_group_id": "",
                "remote_group_id": "",
                "remote_ip_prefix": "10.0.0.0/20"
              },
              {
                "action": "allow",
                "description": "",
                "direction": "ingress",
                "ethertype": "IPv4",
                "id": "b85448ae-57bd-4cf4-a84f-2d69115f0dd2",
                "port_range_max": 5432,
                "port_range_min": 5432,
                "ports": "5432",
                "priority": 1,
                "protocol": "tcp",
                "remote_address_group_id": "",
                "remote_group_id": "",
                "remote_ip_prefix": "10.0.48.0/20"
              },
              {
                "action": "allow",
                "description": "",
                "direction": "egress",
                "ethertype": "IPv4",
                "id": "34235c18-b35e-483d-8742-75880fc4f7be",
                "port_range_max": 0,
                "port_range_min": 0,
                "ports": "",
                "priority": 100,
                "protocol": "",
                "remote_address_group_id": "",
                "remote_group_id": "",
                "remote_ip_prefix": ""
              },
              {
                "action": "allow",
                "description": "",
                "direction": "egress",
                "ethertype": "IPv6",
                "id": "85df753d-4c31-4724-83b3-a68e58c4b805",
                "port_range_max": 0,
                "port_range_min": 0,
                "ports": "",
                "priority": 100,
                "protocol": "",
                "remote_address_group_id": "",
                "remote_group_id": "",
                "remote_ip_prefix": ""
              },
              {
                "action": "allow",
                "description": "",
                "direction": "ingress",
                "ethertype": "IPv6",
                "id": "72b00031-09f7-4a34-8487-bd6eec2f5b08",
                "port_range_max": 0,
                "port_range_min": 0,
                "ports": "",
                "priority": 100,
                "protocol": "",
                "remote_address_group_id": "",
                "remote_group_id": "c2f5ec13-5f51-4568-94ee-2e9fbe56d788",
                "remote_ip_prefix": ""
              },
              {
                "action": "allow",
                "description": "",
                "direction": "ingress",
                "ethertype": "IPv4",
                "id": "07e91a59-924d-4e64-8388-a3ebfb4edb64",
                "port_range_max": 0,
                "port_range_min": 0,
                "ports": "",
                "priority": 100,
                "protocol": "",
                "remote_address_group_id": "",
                "remote_group_id": "c2f5ec13-5f51-4568-94ee-2e9fbe56d788",
                "remote_ip_prefix": ""
              }
            ],
            "timeouts": null,
            "updated_at": "2024-01-26T04:12:41Z"
          },
          "sensitive_attributes": [],
          "private": "eyJlMmJmYjczMC1lY2FhLTExZTYtOGY4OC0zNDM2M2JjN2M0YzAiOnsiZGVsZXRlIjo2MDAwMDAwMDAwMDB9fQ=="
        }
      ]
    },
    {
      "mode": "managed",
      "type": "huaweicloud_networking_secgroup_rule",
      "name": "allow_internal_data",
      "provider": "provider[\"registry.terraform.io/huaweicloud/huaweicloud\"]",
      "instances": [
        {
          "schema_version": 0,
          "attributes": {
            "action": "allow",
            "description": "",
            "direction": "ingress",
            "ethertype": "IPv4",
            "id": "6c06032b-34a3-4b38-8be8-001c48b77371",
            "port_range_max": 65535,
            "port_range_min": 1,
            "ports": "1-65535",
            "priority": 1,
            "protocol": "tcp",
            "region": "la-south-2",
            "remote_address_group_id": "",
            "remote_group_id": "",
            "remote_ip_prefix": "172.16.0.0/16",
            "security_group_id": "c2f5ec13-5f51-4568-94ee-2e9fbe56d788",
            "timeouts": null
          },
          "sensitive_attributes": [],
          "private": "eyJlMmJmYjczMC1lY2FhLTExZTYtOGY4OC0zNDM2M2JjN2M0YzAiOnsiZGVsZXRlIjo2MDAwMDAwMDAwMDB9fQ==",
          "dependencies": [
            "huaweicloud_networking_secgroup.pods_to_rds_pg"
          ]
        }
      ]
    },
    {
      "mode": "managed",
      "type": "huaweicloud_networking_secgroup_rule",
      "name": "allow_pg_internal",
      "provider": "provider[\"registry.terraform.io/huaweicloud/huaweicloud\"]",
      "instances": [
        {
          "schema_version": 0,
          "attributes": {
            "action": "allow",
            "description": "",
            "direction": "ingress",
            "ethertype": "IPv4",
            "id": "aed95c0e-e5b3-4bae-8629-21a542d7c585",
            "port_range_max": 5432,
            "port_range_min": 5432,
            "ports": "5432",
            "priority": 1,
            "protocol": "tcp",
            "region": "la-south-2",
            "remote_address_group_id": "",
            "remote_group_id": "",
            "remote_ip_prefix": "10.0.0.0/20",
            "security_group_id": "c2f5ec13-5f51-4568-94ee-2e9fbe56d788",
            "timeouts": null
          },
          "sensitive_attributes": [],
          "private": "eyJlMmJmYjczMC1lY2FhLTExZTYtOGY4OC0zNDM2M2JjN2M0YzAiOnsiZGVsZXRlIjo2MDAwMDAwMDAwMDB9fQ==",
          "dependencies": [
            "huaweicloud_networking_secgroup.pods_to_rds_pg"
          ]
        }
      ]
    },
    {
      "mode": "managed",
      "type": "huaweicloud_networking_secgroup_rule",
      "name": "allow_pg_pods",
      "provider": "provider[\"registry.terraform.io/huaweicloud/huaweicloud\"]",
      "instances": [
        {
          "schema_version": 0,
          "attributes": {
            "action": "allow",
            "description": "",
            "direction": "ingress",
            "ethertype": "IPv4",
            "id": "540dddf5-5382-4608-9f86-bb3cd4d67b60",
            "port_range_max": 5432,
            "port_range_min": 5432,
            "ports": "5432",
            "priority": 1,
            "protocol": "tcp",
            "region": "la-south-2",
            "remote_address_group_id": "",
            "remote_group_id": "",
            "remote_ip_prefix": "10.0.32.0/20",
            "security_group_id": "c2f5ec13-5f51-4568-94ee-2e9fbe56d788",
            "timeouts": null
          },
          "sensitive_attributes": [],
          "private": "eyJlMmJmYjczMC1lY2FhLTExZTYtOGY4OC0zNDM2M2JjN2M0YzAiOnsiZGVsZXRlIjo2MDAwMDAwMDAwMDB9fQ==",
          "dependencies": [
            "huaweicloud_networking_secgroup.pods_to_rds_pg"
          ]
        }
      ]
    },
    {
      "mode": "managed",
      "type": "huaweicloud_networking_secgroup_rule",
      "name": "allow_pg_services",
      "provider": "provider[\"registry.terraform.io/huaweicloud/huaweicloud\"]",
      "instances": [
        {
          "schema_version": 0,
          "attributes": {
            "action": "allow",
            "description": "",
            "direction": "ingress",
            "ethertype": "IPv4",
            "id": "b85448ae-57bd-4cf4-a84f-2d69115f0dd2",
            "port_range_max": 5432,
            "port_range_min": 5432,
            "ports": "5432",
            "priority": 1,
            "protocol": "tcp",
            "region": "la-south-2",
            "remote_address_group_id": "",
            "remote_group_id": "",
            "remote_ip_prefix": "10.0.48.0/20",
            "security_group_id": "c2f5ec13-5f51-4568-94ee-2e9fbe56d788",
            "timeouts": null
          },
          "sensitive_attributes": [],
          "private": "eyJlMmJmYjczMC1lY2FhLTExZTYtOGY4OC0zNDM2M2JjN2M0YzAiOnsiZGVsZXRlIjo2MDAwMDAwMDAwMDB9fQ==",
          "dependencies": [
            "huaweicloud_networking_secgroup.pods_to_rds_pg"
          ]
        }
      ]
    },
    {
      "mode": "managed",
      "type": "huaweicloud_obs_bucket",
      "name": "harbor_repo",
      "provider": "provider[\"registry.terraform.io/huaweicloud/huaweicloud\"]",
      "instances": [
        {
          "schema_version": 0,
          "attributes": {
            "acl": "private",
            "bucket": "hwc-harbor-registry-x2do",
            "bucket_domain_name": "hwc-harbor-registry-x2do.obs.la-south-2.myhuaweicloud.com",
            "bucket_version": "3.0",
            "cors_rule": [],
            "encryption": false,
            "enterprise_project_id": "0",
            "force_destroy": false,
            "id": "hwc-harbor-registry-x2do",
            "kms_key_id": "",
            "kms_key_project_id": "",
            "lifecycle_rule": [],
            "logging": [],
            "multi_az": false,
            "parallel_fs": false,
            "policy": "",
            "policy_format": "obs",
            "quota": 0,
            "region": "la-south-2",
            "sse_algorithm": "",
            "storage_class": "STANDARD",
            "storage_info": [
              {
                "object_number": 1,
                "size": 119
              }
            ],
            "tags": {},
            "user_domain_names": [],
            "versioning": false,
            "website": []
          },
          "sensitive_attributes": [],
          "private": "bnVsbA=="
        }
      ]
    },
    {
      "mode": "managed",
      "type": "huaweicloud_rds_instance",
      "name": "ops_rds",
      "provider": "provider[\"registry.terraform.io/huaweicloud/huaweicloud\"]",
      "instances": [
        {
          "schema_version": 0,
          "attributes": {
            "auto_pay": null,
            "auto_renew": null,
            "availability_zone": [
              "la-south-2a"
            ],
            "backup_strategy": [
              {
                "keep_days": 7,
                "period": "1,2,3,4,5,6,7",
                "start_time": "22:00-23:00"
              }
            ],
            "charging_mode": "postPaid",
            "collation": null,
            "created": "2024-01-26T04:27:59+0000",
            "db": [
              {
                "password": "Alpha3000$",
                "port": 5432,
                "type": "PostgreSQL",
                "user_name": "root",
                "version": "13"
              }
            ],
            "description": "",
            "dss_pool_id": null,
            "enterprise_project_id": "0",
            "fixed_ip": "172.16.217.204",
            "flavor": "rds.pg.n1.large.2",
            "ha_replication_mode": "",
            "id": "09e28d405c174f52a8b390c327f878a0in03",
            "lower_case_table_names": null,
            "maintain_begin": "18:00",
            "maintain_end": "22:00",
            "name": "ops-rds",
            "nodes": [
              {
                "availability_zone": "la-south-2a",
                "id": "2ad0e234a72d4cb4931e61bd6b4894c4no03",
                "name": "ops-rds_node0",
                "role": "master",
                "status": "ACTIVE"
              }
            ],
            "param_group_id": null,
            "parameters": [],
            "period": null,
            "period_unit": null,
            "private_ips": [
              "172.16.217.204"
            ],
            "public_ips": [],
            "region": "la-south-2",
            "restore": [],
            "security_group_id": "c2f5ec13-5f51-4568-94ee-2e9fbe56d788",
            "ssl_enable": null,
            "status": "ACTIVE",
            "subnet_id": "0eab3f51-79b1-41ce-964a-50d56daea3db",
            "tags": {},
            "time_zone": "UTC",
            "timeouts": null,
            "volume": [
              {
                "disk_encryption_id": "",
                "limit_size": 0,
                "size": 100,
                "trigger_threshold": 0,
                "type": "CLOUDSSD"
              }
            ],
            "vpc_id": "cd1e42df-8292-45e1-beb8-e3b8c8c5daab"
          },
          "sensitive_attributes": [],
          "private": "eyJlMmJmYjczMC1lY2FhLTExZTYtOGY4OC0zNDM2M2JjN2M0YzAiOnsiY3JlYXRlIjoxODAwMDAwMDAwMDAwLCJkZWZhdWx0Ijo5MDAwMDAwMDAwMDAsImRlbGV0ZSI6MTgwMDAwMDAwMDAwMCwicmVhZCI6OTAwMDAwMDAwMDAwLCJ1cGRhdGUiOjE4MDAwMDAwMDAwMDB9fQ==",
          "dependencies": [
            "data.huaweicloud_availability_zones.azs",
            "huaweicloud_networking_secgroup.pods_to_rds_pg",
            "module.ops_data_vpc.huaweicloud_vpc.this",
            "module.ops_data_vpc.huaweicloud_vpc_subnet.this"
          ]
        }
      ]
    },
    {
      "mode": "managed",
      "type": "huaweicloud_rds_pg_account",
      "name": "harbor_user",
      "provider": "provider[\"registry.terraform.io/huaweicloud/huaweicloud\"]",
      "instances": [
        {
          "schema_version": 0,
          "attributes": {
            "description": "",
            "id": "09e28d405c174f52a8b390c327f878a0in03/harbor",
            "instance_id": "09e28d405c174f52a8b390c327f878a0in03",
            "name": "harbor",
            "password": "Ybxf^9Z7000",
            "region": "la-south-2",
            "timeouts": null
          },
          "sensitive_attributes": [],
          "private": "eyJlMmJmYjczMC1lY2FhLTExZTYtOGY4OC0zNDM2M2JjN2M0YzAiOnsiY3JlYXRlIjoxODAwMDAwMDAwMDAwLCJkZWxldGUiOjE4MDAwMDAwMDAwMDAsInVwZGF0ZSI6MTgwMDAwMDAwMDAwMH19",
          "dependencies": [
            "data.huaweicloud_availability_zones.azs",
            "huaweicloud_networking_secgroup.pods_to_rds_pg",
            "huaweicloud_rds_instance.ops_rds",
            "module.ops_data_vpc.huaweicloud_vpc.this",
            "module.ops_data_vpc.huaweicloud_vpc_subnet.this"
          ]
        }
      ]
    },
    {
      "mode": "managed",
      "type": "huaweicloud_rds_pg_account",
      "name": "keycloak_user",
      "provider": "provider[\"registry.terraform.io/huaweicloud/huaweicloud\"]",
      "instances": [
        {
          "schema_version": 0,
          "attributes": {
            "description": "",
            "id": "09e28d405c174f52a8b390c327f878a0in03/keycloak",
            "instance_id": "09e28d405c174f52a8b390c327f878a0in03",
            "name": "keycloak",
            "password": "Ybxf^9Z7000",
            "region": "la-south-2",
            "timeouts": null
          },
          "sensitive_attributes": [],
          "private": "eyJlMmJmYjczMC1lY2FhLTExZTYtOGY4OC0zNDM2M2JjN2M0YzAiOnsiY3JlYXRlIjoxODAwMDAwMDAwMDAwLCJkZWxldGUiOjE4MDAwMDAwMDAwMDAsInVwZGF0ZSI6MTgwMDAwMDAwMDAwMH19",
          "dependencies": [
            "data.huaweicloud_availability_zones.azs",
            "huaweicloud_networking_secgroup.pods_to_rds_pg",
            "huaweicloud_rds_instance.ops_rds",
            "module.ops_data_vpc.huaweicloud_vpc.this",
            "module.ops_data_vpc.huaweicloud_vpc_subnet.this"
          ]
        }
      ]
    },
    {
      "mode": "managed",
      "type": "huaweicloud_rds_pg_database",
      "name": "harbor_db",
      "provider": "provider[\"registry.terraform.io/huaweicloud/huaweicloud\"]",
      "instances": [
        {
          "schema_version": 0,
          "attributes": {
            "character_set": "UTF8",
            "description": "",
            "id": "09e28d405c174f52a8b390c327f878a0in03/harbor",
            "instance_id": "09e28d405c174f52a8b390c327f878a0in03",
            "is_revoke_public_privilege": null,
            "lc_collate": "en_US.UTF-8",
            "lc_ctype": null,
            "name": "harbor",
            "owner": "root",
            "region": "la-south-2",
            "size": 0,
            "template": null,
            "timeouts": null
          },
          "sensitive_attributes": [],
          "private": "eyJlMmJmYjczMC1lY2FhLTExZTYtOGY4OC0zNDM2M2JjN2M0YzAiOnsiY3JlYXRlIjoxODAwMDAwMDAwMDAwLCJkZWxldGUiOjE4MDAwMDAwMDAwMDAsInVwZGF0ZSI6MTgwMDAwMDAwMDAwMH19",
          "dependencies": [
            "data.huaweicloud_availability_zones.azs",
            "huaweicloud_networking_secgroup.pods_to_rds_pg",
            "huaweicloud_rds_instance.ops_rds",
            "module.ops_data_vpc.huaweicloud_vpc.this",
            "module.ops_data_vpc.huaweicloud_vpc_subnet.this"
          ]
        }
      ]
    },
    {
      "mode": "managed",
      "type": "huaweicloud_rds_pg_database",
      "name": "keycloak_db",
      "provider": "provider[\"registry.terraform.io/huaweicloud/huaweicloud\"]",
      "instances": [
        {
          "schema_version": 0,
          "attributes": {
            "character_set": "UTF8",
            "description": "",
            "id": "09e28d405c174f52a8b390c327f878a0in03/keycloak",
            "instance_id": "09e28d405c174f52a8b390c327f878a0in03",
            "is_revoke_public_privilege": null,
            "lc_collate": "en_US.UTF-8",
            "lc_ctype": null,
            "name": "keycloak",
            "owner": "root",
            "region": "la-south-2",
            "size": 0,
            "template": null,
            "timeouts": null
          },
          "sensitive_attributes": [],
          "private": "eyJlMmJmYjczMC1lY2FhLTExZTYtOGY4OC0zNDM2M2JjN2M0YzAiOnsiY3JlYXRlIjoxODAwMDAwMDAwMDAwLCJkZWxldGUiOjE4MDAwMDAwMDAwMDAsInVwZGF0ZSI6MTgwMDAwMDAwMDAwMH19",
          "dependencies": [
            "data.huaweicloud_availability_zones.azs",
            "huaweicloud_networking_secgroup.pods_to_rds_pg",
            "huaweicloud_rds_instance.ops_rds",
            "module.ops_data_vpc.huaweicloud_vpc.this",
            "module.ops_data_vpc.huaweicloud_vpc_subnet.this"
          ]
        }
      ]
    },
    {
      "mode": "managed",
      "type": "huaweicloud_vpc_eip",
      "name": "ops_nat_eip",
      "provider": "provider[\"registry.terraform.io/huaweicloud/huaweicloud\"]",
      "instances": [
        {
          "schema_version": 0,
          "attributes": {
            "address": "101.44.8.112",
            "auto_pay": null,
            "auto_renew": null,
            "bandwidth": [
              {
                "charge_mode": "traffic",
                "id": "c98ac74c-cf6f-4dfc-9a2a-17af34eaf086",
                "name": "ops-eip",
                "share_type": "PER",
                "size": 300
              }
            ],
            "charging_mode": null,
            "enterprise_project_id": "0",
            "id": "745ff76f-ad76-4f20-8e2d-ffd1dee8126f",
            "ipv6_address": "",
            "name": "",
            "period": null,
            "period_unit": null,
            "port_id": "6a9206f1-493c-4440-a341-21f9e4ab5951",
            "private_ip": "10.0.1.165",
            "publicip": [
              {
                "ip_address": "101.44.8.112",
                "ip_version": 4,
                "port_id": "6a9206f1-493c-4440-a341-21f9e4ab5951",
                "type": "5_bgp"
              }
            ],
            "region": "la-south-2",
            "status": "BOUND",
            "tags": {},
            "timeouts": null
          },
          "sensitive_attributes": [],
          "private": "eyJlMmJmYjczMC1lY2FhLTExZTYtOGY4OC0zNDM2M2JjN2M0YzAiOnsiY3JlYXRlIjo2MDAwMDAwMDAwMDAsImRlbGV0ZSI6MzAwMDAwMDAwMDAwLCJ1cGRhdGUiOjMwMDAwMDAwMDAwMH19"
        }
      ]
    },
    {
      "mode": "managed",
      "type": "huaweicloud_vpc_peering_connection",
      "name": "peering",
      "provider": "provider[\"registry.terraform.io/huaweicloud/huaweicloud\"]",
      "instances": [
        {
          "schema_version": 0,
          "attributes": {
            "description": "",
            "id": "4640f364-632b-498f-941b-c9b3bbdc13dc",
            "name": "internal-to-data",
            "peer_tenant_id": "080a713fea8025202f35c016441197f8",
            "peer_vpc_id": "cd1e42df-8292-45e1-beb8-e3b8c8c5daab",
            "region": "la-south-2",
            "status": "ACTIVE",
            "timeouts": null,
            "vpc_id": "c26b10ee-c591-4690-8399-bda836435b08"
          },
          "sensitive_attributes": [],
          "private": "eyJlMmJmYjczMC1lY2FhLTExZTYtOGY4OC0zNDM2M2JjN2M0YzAiOnsiY3JlYXRlIjo2MDAwMDAwMDAwMDAsImRlbGV0ZSI6NjAwMDAwMDAwMDAwfX0=",
          "dependencies": [
            "module.ops_data_vpc.huaweicloud_vpc.this",
            "module.ops_vpc.huaweicloud_vpc.this"
          ]
        }
      ]
    },
    {
      "module": "module.ops_cluster",
      "mode": "data",
      "type": "huaweicloud_compute_flavors",
      "name": "this",
      "provider": "provider[\"registry.terraform.io/huaweicloud/huaweicloud\"]",
      "instances": [
        {
          "schema_version": 0,
          "attributes": {
            "availability_zone": "la-south-2a",
            "cpu_core_count": 2,
            "flavors": [
              {
                "cpu_core_count": 2,
                "generation": "s3",
                "id": "s3.large.2",
                "memory_size": 4,
                "performance_type": "normal"
              },
              {
                "cpu_core_count": 2,
                "generation": "s6",
                "id": "s6.large.2",
                "memory_size": 4,
                "performance_type": "normal"
              }
            ],
            "generation": null,
            "id": "1497903903",
            "ids": [
              "s3.large.2",
              "s6.large.2"
            ],
            "memory_size": 4,
            "performance_type": "normal",
            "region": "la-south-2"
          },
          "sensitive_attributes": []
        }
      ]
    },
    {
      "module": "module.ops_cluster",
      "mode": "managed",
      "type": "huaweicloud_cce_cluster",
      "name": "this",
      "provider": "provider[\"registry.terraform.io/huaweicloud/huaweicloud\"]",
      "instances": [
        {
          "index_key": 0,
          "schema_version": 0,
          "attributes": {
            "alias": "ops-cluster",
            "annotations": null,
            "authenticating_proxy_ca": null,
            "authenticating_proxy_cert": null,
            "authenticating_proxy_private_key": null,
            "authentication_mode": "rbac",
            "auto_pay": null,
            "auto_renew": null,
            "billing_mode": 0,
            "category": "CCE",
            "certificate_clusters": [
              {
                "certificate_authority_data": "LS0tLS1CRUdJTiBDRVJUSUZJQ0FURS0tLS0tCk1JSUREekNDQWZlZ0F3SUJBZ0lCQURBTkJna3Foa2lHOXcwQkFRc0ZBREFwTVJrd0Z3WURWUVFLRXhCRFEwVWcKVkdWamFHNXZiRzluYVdWek1Rd3dDZ1lEVlFRREV3TkRRMFV3SGhjTk1qUXdNVEkzTURNeU1ETTBXaGNOTkRRdwpNVEkzTURNeU1ETTBXakFwTVJrd0Z3WURWUVFLRXhCRFEwVWdWR1ZqYUc1dmJHOW5hV1Z6TVF3d0NnWURWUVFECkV3TkRRMFV3Z2dFaU1BMEdDU3FHU0liM0RRRUJBUVVBQTRJQkR3QXdnZ0VLQW9JQkFRQ1U1SHlJa3F0Z3FTeHQKbjhrQzMyN0NTUUdmZUt6WjlJRmVZRlk1TlhUQ3djR1ovZFhzcDRBTWJpVmVxekx4UTltZTNrUkZNZTlIRnFVUQovOWs5N2ZxTkJWL3V3dVNYR2NXSkZjZDdtNU5DcWtyVnFnUkFhY1RrNXFYWUtMN2MzNFl5NUpNQ3NNRFZGRzlvCitxdG5zQk5uUmtsaFZRMVdUWkowdXoyM3hrdmdNQTBPZDRkaFVMVlJpSzk4eEl1WFpuQS9DUHdqaEdHK0MzMysKenh2Mmw2ZWhsR1NuaTNESDJrUTlvTUZlckREZ2JRNmZSZmlHbmx5dmNLVXQ0aXU0Q2lxZmdpc05Vb0RRYktZWQoyNzZBM2psYXgxaUtKb25CTDJTNVBzN2htZjhPbm9RclRKVlpDNkJxd1JveE52Y1o2RDRMRGVudTJVMmRrUHVOCitVekVRRWMvQWdNQkFBR2pRakJBTUE0R0ExVWREd0VCL3dRRUF3SUNwREFQQmdOVkhSTUJBZjhFQlRBREFRSC8KTUIwR0ExVWREZ1FXQkJUUktNNHdvRlR4U29rZDRHbGRBZlROcWQzZXVqQU5CZ2txaGtpRzl3MEJBUXNGQUFPQwpBUUVBRVZFTGJ6Q0RVQzNGS210QXcyaVVnVmlHQnpBOVlYZEllaFZ2Ym9mT0ZtYnByYmw0eDNUWXg5WStJT29CCkNLNjl4TzRxRGxvbDhaL3VLeW9WZnc2alBoSW40UHgwRTBBVXk4U1NhL3VQWnNFMWJ5VEZiMFB4T05YdktOZkIKdGFoQ0FLMmZ5QllVdDFyVDNrS2ZOeEJYNSs5OU94TUY4VERPeFAyR1lUenR1dmwyNFMwcmFRS3N1MldIQ3Z2cgozS2NLeWNHSlMyVm5wcEVYa0o3bW5YNm96T3pGaTNsVFVMZFNFTHNJRVVTWWFPWHBsZzZIM3NiQlBmb0dsUE5JCnlOazZ2SnoxNk5EcXBoRnYvQTljcTNMd0FqTXA2MmRnNUlZVU5WamVmZHJYZ3ZTcnhJNk9Ib3hRb3FFZ2prLzYKcXVoM0pzUEFZTytlYmNNODdjeHhaNUZUZHc9PQotLS0tLUVORCBDRVJUSUZJQ0FURS0tLS0tCg==",
                "name": "internalCluster",
                "server": "https://10.0.1.103:5443"
              }
            ],
            "certificate_users": [
              {
                "client_certificate_data": "LS0tLS1CRUdJTiBDRVJUSUZJQ0FURS0tLS0tCk1JSURsVENDQW4yZ0F3SUJBZ0lJRW9Md2ZYS2ZvV2N3RFFZSktvWklodmNOQVFFTEJRQXdLVEVaTUJjR0ExVUUKQ2hNUVEwTkZJRlJsWTJodWIyeHZaMmxsY3pFTU1Bb0dBMVVFQXhNRFEwTkZNQjRYRFRJME1ERXlOekF6TWpRMApORm9YRFRJNU1ERXlOekF6TWpRME5Gb3dnYUV4ZERBUUJnTlZCQW9UQ1dOalpUcDFjMlZ5Y3pBbkJnTlZCQW9UCklEQTRNR0UyTWpnME1qZ3dNREJtWldNelpqZGxZekF4Tm1aa1lqSmpPVFZsTURjR0ExVUVDaE13Wm1GaVpXWXgKTldWak5XTTVORFV3T1RnMlpUVTFOVFZsTUdNeE9UaGxOVGN0WTJWeWRDMHhOekEyTXpJMU9EZ3pNU2t3SndZRApWUVFERXlCbVlXSmxaakUxWldNMVl6azBOVEE1T0RabE5UVTFOV1V3WXpFNU9HVTFOekNDQVNJd0RRWUpLb1pJCmh2Y05BUUVCQlFBRGdnRVBBRENDQVFvQ2dnRUJBSlRrZklpU3EyQ3BMRzJmeVFMZmJzSkpBWjk0ck5uMGdWNWcKVmprMWRNTEJ3Wm45MWV5bmdBeHVKVjZyTXZGRDJaN2VSRVV4NzBjV3BSRC8yVDN0K28wRlgrN0M1SmNaeFlrVgp4M3ViazBLcVN0V3FCRUJweE9UbXBkZ292dHpmaGpMa2t3S3d3TlVVYjJqNnEyZXdFMmRHU1dGVkRWWk5rblM3ClBiZkdTK0F3RFE1M2gyRlF0VkdJcjN6RWk1ZG1jRDhJL0NPRVliNExmZjdQRy9hWHA2R1VaS2VMY01mYVJEMmcKd1Y2c01PQnREcDlGK0lhZVhLOXdwUzNpSzdnS0twK0NLdzFTZ05Cc3BoamJ2b0RlT1ZySFdJb21pY0V2WkxrKwp6dUdaL3c2ZWhDdE1sVmtMb0dyQkdqRTI5eG5vUGdzTjZlN1pUWjJRKzQzNVRNUkFSejhDQXdFQUFhTklNRVl3CkRnWURWUjBQQVFIL0JBUURBZ1dnTUJNR0ExVWRKUVFNTUFvR0NDc0dBUVVGQndNQ01COEdBMVVkSXdRWU1CYUEKRk5Fb3pqQ2dWUEZLaVIzZ2FWMEI5TTJwM2Q2Nk1BMEdDU3FHU0liM0RRRUJDd1VBQTRJQkFRQlNTNVBaS21SSApJWEd6UmFVSktUTnhZYzdxNGhBaGVBdUhIcHpYSnZoOVNGRTNpcnJHdUdDYlpyQkhvTUpPZHJidmFtZGFRMDhnCjQ0YTI1aHFjMkE0dXBiK2ptZlZFRWNwUzVrMnExQ2ZST2ZqNlFpZjU3dTFxUEZvVURnT3B3UFNVQU5IeUR1cEcKcVJKN0EyK3NJZ1VtK0pqZlBUb1h5SHdxUC9LNk45Tnd2WWhFUStQUU9LWE9wbzdIZmJFUEpTSEdSNVZoYzBKego3bDd5SVJOUGFkZm1JY2ZhVFhJWHJzUkJBN1BSMFBPVlJoOGJLeGdvTk1YdmkwNnR2TSt4bm1ad3hoMkFMajhmCnZ5dTMxWVdXNFNwaFd0cEhUczFRYlpjOG8vc2pXdngrUk52cVZndXBITldiWXZHT2VGL3IrdWRwYzRNSGEzZUsKQUpYQ21yWTduU2R1Ci0tLS0tRU5EIENFUlRJRklDQVRFLS0tLS0K",
                "client_key_data": "LS0tLS1CRUdJTiBSU0EgUFJJVkFURSBLRVktLS0tLQpNSUlFb2dJQkFBS0NBUUVBbE9SOGlKS3JZS2tzYlovSkF0OXV3a2tCbjNpczJmU0JYbUJXT1RWMHdzSEJtZjNWCjdLZUFERzRsWHFzeThVUFpudDVFUlRIdlJ4YWxFUC9aUGUzNmpRVmY3c0xrbHhuRmlSWEhlNXVUUXFwSzFhb0UKUUduRTVPYWwyQ2krM04rR011U1RBckRBMVJSdmFQcXJaN0FUWjBaSllWVU5WazJTZExzOXQ4Wkw0REFORG5lSApZVkMxVVlpdmZNU0xsMlp3UHdqOEk0Umh2Z3Q5L3M4YjlwZW5vWlJrcDR0d3g5cEVQYURCWHF3dzRHME9uMFg0CmhwNWNyM0NsTGVJcnVBb3FuNElyRFZLQTBHeW1HTnUrZ040NVdzZFlpaWFKd1M5a3VUN080Wm4vRHA2RUsweVYKV1F1Z2FzRWFNVGIzR2VnK0N3M3A3dGxOblpEN2pmbE14RUJIUHdJREFRQUJBb0lCQUVmbFpQVVZ6Y2RwS1ZqdQpGVVJiMjhIWk92MWthaUw4M0JOVWRZNCtiOWt6Y21jSG1Xc2pIc1BoMUEyNG9XcTdGclNPSTIwK1JZcVFOcmpVCnNuUWpIQjlJZnlCdDM2L085QUhVRUhWeGxGUldvcmcxMXNPN3p5V3c4bGhFcEpWSElpZ2xFNC96QmNwZWljV3AKZFdjbU1OaG5xanRqdElMK0JrQnp3Y09oN3pXYmdjUGIrWEl6VVFUcm9BUmIzT2hqakxVODhTSEErR2ZsUlA2TAoyL1dBbGdLUVowOVMyTmFFTkc0NitGVVlNYURQaEhPbXYzVmJIOXU5MEFvYU9ISGN1NDFMY0VvVFp0b1NIVjNTCmJiYVVlUm90Y3AzV0VHY1Rqd080RUtNcGljNndPK2VMWG8vUG4wMFcwbWVEZGVEa0ZPTlVVVDJTdXNyWmxjaG4KOURWaEdHRUNnWUVBeFFLVkx5RGFyN2k1eStPOHFWS1RKL2x6b0V4ZHd2OE91Vmh0N0F6dGlFZW54OXNQL1hlTQptYnJPckpJV01sR2Nwd0ZYU0lBa3BEVE1BYWhvVWdrTERmNnRZY2hyQ0dlMjBNWmZJNDlkZXQ4aVBFRFlLcWszCkZybWZxeCtCbUtXTFQvQkZwYlFLRm1Gbkh1QWI0SFpuS1FUNm9URnVyb2pCRHZkY1dZQXN4N2tDZ1lFQXdYbU0KSWZBRFViZVRTMVpvSDFPSFA1ZnY4UjVGMkNBNXhac2cydjZVWFoxblNGU2NZN2pvZ2VYMFB5ZTc2WHdWOHE2VwpSdFFuZFBVS0xnZkRZUjM5c1Z5RCtiN01rc2ozcDJnaXlJY1BWUDJqZkhYQ3JpS0kvaGlzbE44bXZqSWRYQkNrCjM5eEp3TkFUc0NtcG5TNGthU1NjaXNCRHBLN0FqSXpMYVV3R2tyY0NnWUFVS1c2QkV6aXVNUlo2b2tUbGd6amkKSjJwSTVtZldFK282MTZ6d01tYUF3dXlOeklKM2F5dXRjK3ZBeDNhVUVid1piMDZ5Y2NMT04wVUZpbW1hczZnNAo5MjVoQ25UQnVIT0NMRHNDVmFLNGQydDJoU0JhUlZVSTgxZysyQXVZUnFEYVBubXlPcG1wcnJBeC9iZDhva0Z1CmRqNzhEaVlJb0tBNVd1Rk5tNHQ1cVFLQmdCdUkzOStvbCtCV1h2a1cyQVMxVDRkR2FWaUlkV28zMCtFQ25kOXMKNGRLYzV5a05HYUM3blNOM2haWkRZbVB0Uy9aWTBIeE9EenQrOEM3eTNlU0JieXlCdlNxYTgrUmtBNUxvcUNLZgp6aGZMYlN2MldubUw0ckUrODdqUU5XUldINFdOdk5rN01hZm1OUmNhSnRCKzA2Ry9HeVJJRHBodVltcmVVc2l1CmtEVHJBb0dBS3ZNcjd4RFZMMkRiMFRMVzZsTzQ2cFFDelRXck53NFNJRVc3b3JFMmdXSUNUT0lLcncreEhYOFgKWmVwNm9hR2lkbk1nWnozOCs0YU5seHY3OTQyUTkwWXBzUGlCS0tIQzNORFp0aTdYTktmWEU2MzlFUnR6RXA0cQpLS2o4eENEQ2gvOVVpMVE4OGhzbzkrR2I3ZXV2SlREKzZwd1ZqWXBRVW84blRaSHZKN1U9Ci0tLS0tRU5EIFJTQSBQUklWQVRFIEtFWS0tLS0tCg==",
                "name": "user"
              }
            ],
            "charging_mode": null,
            "cluster_type": "VirtualMachine",
            "cluster_version": "v1.27",
            "component_configurations": [],
            "container_network_cidr": "10.0.32.0/20",
            "container_network_type": "vpc-router",
            "custom_san": [],
            "delete_all": "true",
            "delete_efs": null,
            "delete_eni": null,
            "delete_evs": null,
            "delete_net": null,
            "delete_obs": null,
            "delete_sfs": null,
            "description": "",
            "eip": null,
            "enable_distribute_management": null,
            "eni_subnet_cidr": "",
            "eni_subnet_id": "",
            "enterprise_project_id": "0",
            "extend_param": null,
            "extend_params": [],
            "flavor_id": "cce.s2.small",
            "hibernate": null,
            "highway_subnet_id": "",
            "id": "c914287b-bcc2-11ee-bfc6-0255ac10023a",
            "ipv6_enable": false,
            "kube_config_raw": "{\"apiVersion\":\"v1\",\"clusters\":[{\"cluster\":{\"certificate-authority-data\":\"LS0tLS1CRUdJTiBDRVJUSUZJQ0FURS0tLS0tCk1JSUREekNDQWZlZ0F3SUJBZ0lCQURBTkJna3Foa2lHOXcwQkFRc0ZBREFwTVJrd0Z3WURWUVFLRXhCRFEwVWcKVkdWamFHNXZiRzluYVdWek1Rd3dDZ1lEVlFRREV3TkRRMFV3SGhjTk1qUXdNVEkzTURNeU1ETTBXaGNOTkRRdwpNVEkzTURNeU1ETTBXakFwTVJrd0Z3WURWUVFLRXhCRFEwVWdWR1ZqYUc1dmJHOW5hV1Z6TVF3d0NnWURWUVFECkV3TkRRMFV3Z2dFaU1BMEdDU3FHU0liM0RRRUJBUVVBQTRJQkR3QXdnZ0VLQW9JQkFRQ1U1SHlJa3F0Z3FTeHQKbjhrQzMyN0NTUUdmZUt6WjlJRmVZRlk1TlhUQ3djR1ovZFhzcDRBTWJpVmVxekx4UTltZTNrUkZNZTlIRnFVUQovOWs5N2ZxTkJWL3V3dVNYR2NXSkZjZDdtNU5DcWtyVnFnUkFhY1RrNXFYWUtMN2MzNFl5NUpNQ3NNRFZGRzlvCitxdG5zQk5uUmtsaFZRMVdUWkowdXoyM3hrdmdNQTBPZDRkaFVMVlJpSzk4eEl1WFpuQS9DUHdqaEdHK0MzMysKenh2Mmw2ZWhsR1NuaTNESDJrUTlvTUZlckREZ2JRNmZSZmlHbmx5dmNLVXQ0aXU0Q2lxZmdpc05Vb0RRYktZWQoyNzZBM2psYXgxaUtKb25CTDJTNVBzN2htZjhPbm9RclRKVlpDNkJxd1JveE52Y1o2RDRMRGVudTJVMmRrUHVOCitVekVRRWMvQWdNQkFBR2pRakJBTUE0R0ExVWREd0VCL3dRRUF3SUNwREFQQmdOVkhSTUJBZjhFQlRBREFRSC8KTUIwR0ExVWREZ1FXQkJUUktNNHdvRlR4U29rZDRHbGRBZlROcWQzZXVqQU5CZ2txaGtpRzl3MEJBUXNGQUFPQwpBUUVBRVZFTGJ6Q0RVQzNGS210QXcyaVVnVmlHQnpBOVlYZEllaFZ2Ym9mT0ZtYnByYmw0eDNUWXg5WStJT29CCkNLNjl4TzRxRGxvbDhaL3VLeW9WZnc2alBoSW40UHgwRTBBVXk4U1NhL3VQWnNFMWJ5VEZiMFB4T05YdktOZkIKdGFoQ0FLMmZ5QllVdDFyVDNrS2ZOeEJYNSs5OU94TUY4VERPeFAyR1lUenR1dmwyNFMwcmFRS3N1MldIQ3Z2cgozS2NLeWNHSlMyVm5wcEVYa0o3bW5YNm96T3pGaTNsVFVMZFNFTHNJRVVTWWFPWHBsZzZIM3NiQlBmb0dsUE5JCnlOazZ2SnoxNk5EcXBoRnYvQTljcTNMd0FqTXA2MmRnNUlZVU5WamVmZHJYZ3ZTcnhJNk9Ib3hRb3FFZ2prLzYKcXVoM0pzUEFZTytlYmNNODdjeHhaNUZUZHc9PQotLS0tLUVORCBDRVJUSUZJQ0FURS0tLS0tCg==\",\"server\":\"https://10.0.1.103:5443\"},\"name\":\"internalCluster\"}],\"contexts\":[{\"context\":{\"cluster\":\"internalCluster\",\"user\":\"user\"},\"name\":\"internal\"}],\"current-context\":\"internal\",\"kind\":\"Config\",\"preferences\":{},\"users\":[{\"name\":\"user\",\"user\":{\"client-certificate-data\":\"LS0tLS1CRUdJTiBDRVJUSUZJQ0FURS0tLS0tCk1JSURsVENDQW4yZ0F3SUJBZ0lJRW9Md2ZYS2ZvV2N3RFFZSktvWklodmNOQVFFTEJRQXdLVEVaTUJjR0ExVUUKQ2hNUVEwTkZJRlJsWTJodWIyeHZaMmxsY3pFTU1Bb0dBMVVFQXhNRFEwTkZNQjRYRFRJME1ERXlOekF6TWpRMApORm9YRFRJNU1ERXlOekF6TWpRME5Gb3dnYUV4ZERBUUJnTlZCQW9UQ1dOalpUcDFjMlZ5Y3pBbkJnTlZCQW9UCklEQTRNR0UyTWpnME1qZ3dNREJtWldNelpqZGxZekF4Tm1aa1lqSmpPVFZsTURjR0ExVUVDaE13Wm1GaVpXWXgKTldWak5XTTVORFV3T1RnMlpUVTFOVFZsTUdNeE9UaGxOVGN0WTJWeWRDMHhOekEyTXpJMU9EZ3pNU2t3SndZRApWUVFERXlCbVlXSmxaakUxWldNMVl6azBOVEE1T0RabE5UVTFOV1V3WXpFNU9HVTFOekNDQVNJd0RRWUpLb1pJCmh2Y05BUUVCQlFBRGdnRVBBRENDQVFvQ2dnRUJBSlRrZklpU3EyQ3BMRzJmeVFMZmJzSkpBWjk0ck5uMGdWNWcKVmprMWRNTEJ3Wm45MWV5bmdBeHVKVjZyTXZGRDJaN2VSRVV4NzBjV3BSRC8yVDN0K28wRlgrN0M1SmNaeFlrVgp4M3ViazBLcVN0V3FCRUJweE9UbXBkZ292dHpmaGpMa2t3S3d3TlVVYjJqNnEyZXdFMmRHU1dGVkRWWk5rblM3ClBiZkdTK0F3RFE1M2gyRlF0VkdJcjN6RWk1ZG1jRDhJL0NPRVliNExmZjdQRy9hWHA2R1VaS2VMY01mYVJEMmcKd1Y2c01PQnREcDlGK0lhZVhLOXdwUzNpSzdnS0twK0NLdzFTZ05Cc3BoamJ2b0RlT1ZySFdJb21pY0V2WkxrKwp6dUdaL3c2ZWhDdE1sVmtMb0dyQkdqRTI5eG5vUGdzTjZlN1pUWjJRKzQzNVRNUkFSejhDQXdFQUFhTklNRVl3CkRnWURWUjBQQVFIL0JBUURBZ1dnTUJNR0ExVWRKUVFNTUFvR0NDc0dBUVVGQndNQ01COEdBMVVkSXdRWU1CYUEKRk5Fb3pqQ2dWUEZLaVIzZ2FWMEI5TTJwM2Q2Nk1BMEdDU3FHU0liM0RRRUJDd1VBQTRJQkFRQlNTNVBaS21SSApJWEd6UmFVSktUTnhZYzdxNGhBaGVBdUhIcHpYSnZoOVNGRTNpcnJHdUdDYlpyQkhvTUpPZHJidmFtZGFRMDhnCjQ0YTI1aHFjMkE0dXBiK2ptZlZFRWNwUzVrMnExQ2ZST2ZqNlFpZjU3dTFxUEZvVURnT3B3UFNVQU5IeUR1cEcKcVJKN0EyK3NJZ1VtK0pqZlBUb1h5SHdxUC9LNk45Tnd2WWhFUStQUU9LWE9wbzdIZmJFUEpTSEdSNVZoYzBKego3bDd5SVJOUGFkZm1JY2ZhVFhJWHJzUkJBN1BSMFBPVlJoOGJLeGdvTk1YdmkwNnR2TSt4bm1ad3hoMkFMajhmCnZ5dTMxWVdXNFNwaFd0cEhUczFRYlpjOG8vc2pXdngrUk52cVZndXBITldiWXZHT2VGL3IrdWRwYzRNSGEzZUsKQUpYQ21yWTduU2R1Ci0tLS0tRU5EIENFUlRJRklDQVRFLS0tLS0K\",\"client-key-data\":\"LS0tLS1CRUdJTiBSU0EgUFJJVkFURSBLRVktLS0tLQpNSUlFb2dJQkFBS0NBUUVBbE9SOGlKS3JZS2tzYlovSkF0OXV3a2tCbjNpczJmU0JYbUJXT1RWMHdzSEJtZjNWCjdLZUFERzRsWHFzeThVUFpudDVFUlRIdlJ4YWxFUC9aUGUzNmpRVmY3c0xrbHhuRmlSWEhlNXVUUXFwSzFhb0UKUUduRTVPYWwyQ2krM04rR011U1RBckRBMVJSdmFQcXJaN0FUWjBaSllWVU5WazJTZExzOXQ4Wkw0REFORG5lSApZVkMxVVlpdmZNU0xsMlp3UHdqOEk0Umh2Z3Q5L3M4YjlwZW5vWlJrcDR0d3g5cEVQYURCWHF3dzRHME9uMFg0CmhwNWNyM0NsTGVJcnVBb3FuNElyRFZLQTBHeW1HTnUrZ040NVdzZFlpaWFKd1M5a3VUN080Wm4vRHA2RUsweVYKV1F1Z2FzRWFNVGIzR2VnK0N3M3A3dGxOblpEN2pmbE14RUJIUHdJREFRQUJBb0lCQUVmbFpQVVZ6Y2RwS1ZqdQpGVVJiMjhIWk92MWthaUw4M0JOVWRZNCtiOWt6Y21jSG1Xc2pIc1BoMUEyNG9XcTdGclNPSTIwK1JZcVFOcmpVCnNuUWpIQjlJZnlCdDM2L085QUhVRUhWeGxGUldvcmcxMXNPN3p5V3c4bGhFcEpWSElpZ2xFNC96QmNwZWljV3AKZFdjbU1OaG5xanRqdElMK0JrQnp3Y09oN3pXYmdjUGIrWEl6VVFUcm9BUmIzT2hqakxVODhTSEErR2ZsUlA2TAoyL1dBbGdLUVowOVMyTmFFTkc0NitGVVlNYURQaEhPbXYzVmJIOXU5MEFvYU9ISGN1NDFMY0VvVFp0b1NIVjNTCmJiYVVlUm90Y3AzV0VHY1Rqd080RUtNcGljNndPK2VMWG8vUG4wMFcwbWVEZGVEa0ZPTlVVVDJTdXNyWmxjaG4KOURWaEdHRUNnWUVBeFFLVkx5RGFyN2k1eStPOHFWS1RKL2x6b0V4ZHd2OE91Vmh0N0F6dGlFZW54OXNQL1hlTQptYnJPckpJV01sR2Nwd0ZYU0lBa3BEVE1BYWhvVWdrTERmNnRZY2hyQ0dlMjBNWmZJNDlkZXQ4aVBFRFlLcWszCkZybWZxeCtCbUtXTFQvQkZwYlFLRm1Gbkh1QWI0SFpuS1FUNm9URnVyb2pCRHZkY1dZQXN4N2tDZ1lFQXdYbU0KSWZBRFViZVRTMVpvSDFPSFA1ZnY4UjVGMkNBNXhac2cydjZVWFoxblNGU2NZN2pvZ2VYMFB5ZTc2WHdWOHE2VwpSdFFuZFBVS0xnZkRZUjM5c1Z5RCtiN01rc2ozcDJnaXlJY1BWUDJqZkhYQ3JpS0kvaGlzbE44bXZqSWRYQkNrCjM5eEp3TkFUc0NtcG5TNGthU1NjaXNCRHBLN0FqSXpMYVV3R2tyY0NnWUFVS1c2QkV6aXVNUlo2b2tUbGd6amkKSjJwSTVtZldFK282MTZ6d01tYUF3dXlOeklKM2F5dXRjK3ZBeDNhVUVid1piMDZ5Y2NMT04wVUZpbW1hczZnNAo5MjVoQ25UQnVIT0NMRHNDVmFLNGQydDJoU0JhUlZVSTgxZysyQXVZUnFEYVBubXlPcG1wcnJBeC9iZDhva0Z1CmRqNzhEaVlJb0tBNVd1Rk5tNHQ1cVFLQmdCdUkzOStvbCtCV1h2a1cyQVMxVDRkR2FWaUlkV28zMCtFQ25kOXMKNGRLYzV5a05HYUM3blNOM2haWkRZbVB0Uy9aWTBIeE9EenQrOEM3eTNlU0JieXlCdlNxYTgrUmtBNUxvcUNLZgp6aGZMYlN2MldubUw0ckUrODdqUU5XUldINFdOdk5rN01hZm1OUmNhSnRCKzA2Ry9HeVJJRHBodVltcmVVc2l1CmtEVHJBb0dBS3ZNcjd4RFZMMkRiMFRMVzZsTzQ2cFFDelRXck53NFNJRVc3b3JFMmdXSUNUT0lLcncreEhYOFgKWmVwNm9hR2lkbk1nWnozOCs0YU5seHY3OTQyUTkwWXBzUGlCS0tIQzNORFp0aTdYTktmWEU2MzlFUnR6RXA0cQpLS2o4eENEQ2gvOVVpMVE4OGhzbzkrR2I3ZXV2SlREKzZwd1ZqWXBRVW84blRaSHZKN1U9Ci0tLS0tRU5EIFJTQSBQUklWQVRFIEtFWS0tLS0tCg==\"}}]}\n",
            "kube_proxy_mode": "iptables",
            "labels": null,
            "masters": [
              {
                "availability_zone": "la-south-2a"
              },
              {
                "availability_zone": "la-south-2b"
              },
              {
                "availability_zone": "la-south-2b"
              }
            ],
            "multi_az": null,
            "name": "ops-cluster",
            "period": null,
            "period_unit": null,
            "region": "la-south-2",
            "security_group_id": "23ed002f-d445-49fe-a37e-a88bfb2d5e8a",
            "service_network_cidr": "10.0.48.0/20",
            "status": "Available",
            "subnet_id": "248b4dbd-d96d-48a7-8e21-fce248ce552b",
            "support_istio": true,
            "tags": null,
            "timeouts": null,
            "vpc_id": "c26b10ee-c591-4690-8399-bda836435b08"
          },
          "sensitive_attributes": [],
          "private": "eyJlMmJmYjczMC1lY2FhLTExZTYtOGY4OC0zNDM2M2JjN2M0YzAiOnsiY3JlYXRlIjoxODAwMDAwMDAwMDAwLCJkZWxldGUiOjE4MDAwMDAwMDAwMDAsInVwZGF0ZSI6MTgwMDAwMDAwMDAwMH19",
          "dependencies": [
            "data.huaweicloud_availability_zones.azs",
            "module.ops_cluster.data.huaweicloud_availability_zones.this",
            "module.ops_cluster.huaweicloud_vpc_eip.this",
            "module.ops_vpc.huaweicloud_vpc.this",
            "module.ops_vpc.huaweicloud_vpc_subnet.this"
          ]
        }
      ]
    },
    {
      "module": "module.ops_cluster",
      "mode": "managed",
      "type": "huaweicloud_cce_node",
      "name": "this",
      "provider": "provider[\"registry.terraform.io/huaweicloud/huaweicloud\"]",
      "instances": [
        {
          "index_key": 0,
          "schema_version": 0,
          "attributes": {
            "annotations": null,
            "auto_pay": null,
            "auto_renew": null,
            "availability_zone": "la-south-2a",
            "bandwidth_charge_mode": null,
            "bandwidth_size": null,
            "billing_mode": null,
            "charging_mode": null,
            "cluster_id": "c914287b-bcc2-11ee-bfc6-0255ac10023a",
            "data_volumes": [
              {
                "dss_pool_id": "",
                "extend_param": "",
                "extend_params": {},
                "hw_passthrough": false,
                "kms_key_id": "",
                "size": 100,
                "volumetype": "SAS"
              }
            ],
            "dedicated_host_id": null,
            "ecs_group_id": "",
            "ecs_performance_type": null,
            "eip_id": null,
            "eip_ids": null,
            "extend_param": null,
            "extend_param_charging_mode": null,
            "extend_params": [],
            "extension_nics": [],
            "fixed_ip": null,
            "flavor_id": "s6.large.2",
            "id": "a1edc4ee-bcc3-11ee-9cf1-0255ac100248",
            "initialized_conditions": [],
            "iptype": null,
            "keep_ecs": null,
            "key_pair": "",
            "labels": null,
            "max_pods": null,
            "name": "control",
            "order_id": null,
            "os": "EulerOS 2.9",
            "partition": null,
            "password": "Altron194$",
            "period": null,
            "period_unit": null,
            "postinstall": null,
            "preinstall": null,
            "private_ip": "10.0.2.9",
            "private_key": null,
            "product_id": null,
            "public_ip": "",
            "public_key": null,
            "region": "la-south-2",
            "root_volume": [
              {
                "dss_pool_id": "",
                "extend_param": "",
                "extend_params": {},
                "hw_passthrough": false,
                "kms_key_id": "",
                "size": 50,
                "volumetype": "SSD"
              }
            ],
            "runtime": "containerd",
            "server_id": "2061f37e-81a6-44fe-81fd-2f302e4700dd",
            "sharetype": null,
            "status": "Active",
            "storage": [],
            "subnet_id": "248b4dbd-d96d-48a7-8e21-fce248ce552b",
            "tags": {
              "Creator": "terraform"
            },
            "taints": [],
            "timeouts": null
          },
          "sensitive_attributes": [],
          "private": "eyJlMmJmYjczMC1lY2FhLTExZTYtOGY4OC0zNDM2M2JjN2M0YzAiOnsiY3JlYXRlIjoxMjAwMDAwMDAwMDAwLCJkZWxldGUiOjEyMDAwMDAwMDAwMDAsInVwZGF0ZSI6MTIwMDAwMDAwMDAwMH19",
          "dependencies": [
            "data.huaweicloud_availability_zones.azs",
            "module.ops_cluster.data.huaweicloud_availability_zones.this",
            "module.ops_cluster.data.huaweicloud_compute_flavors.this",
            "module.ops_cluster.huaweicloud_cce_cluster.this",
            "module.ops_cluster.huaweicloud_vpc_eip.this",
            "module.ops_vpc.huaweicloud_vpc.this",
            "module.ops_vpc.huaweicloud_vpc_subnet.this"
          ]
        }
      ]
    },
    {
      "module": "module.ops_cluster",
      "mode": "managed",
      "type": "huaweicloud_cce_node_pool",
      "name": "this",
      "provider": "provider[\"registry.terraform.io/huaweicloud/huaweicloud\"]",
      "instances": [
        {
          "index_key": 0,
          "schema_version": 0,
          "attributes": {
            "auto_renew": null,
            "availability_zone": "la-south-2a",
            "billing_mode": 0,
            "charging_mode": null,
            "cluster_id": "c914287b-bcc2-11ee-bfc6-0255ac10023a",
            "current_node_count": 2,
            "data_volumes": [
              {
                "dss_pool_id": "",
                "extend_param": "",
                "extend_params": {},
                "hw_passthrough": false,
                "kms_key_id": "",
                "size": 100,
                "volumetype": "SAS"
              }
            ],
            "ecs_group_id": "",
            "extend_param": null,
            "extend_params": [],
            "flavor_id": "s6.large.2",
            "id": "a19f6c1e-bcc3-11ee-bfc6-0255ac10023a",
            "initial_node_count": 2,
            "initialized_conditions": [],
            "key_pair": "",
            "labels": null,
            "max_node_count": 3,
            "max_pods": null,
            "min_node_count": 2,
            "name": "primary",
            "os": "EulerOS 2.9",
            "password": "Altron194$",
            "period": null,
            "period_unit": null,
            "pod_security_groups": null,
            "postinstall": null,
            "preinstall": null,
            "priority": 0,
            "region": "la-south-2",
            "root_volume": [
              {
                "dss_pool_id": "",
                "extend_param": "",
                "extend_params": {},
                "hw_passthrough": false,
                "kms_key_id": "",
                "size": 50,
                "volumetype": "SSD"
              }
            ],
            "runtime": "",
            "scale_down_cooldown_time": 0,
            "scall_enable": false,
            "security_groups": [],
            "status": "",
            "storage": [],
            "subnet_id": "248b4dbd-d96d-48a7-8e21-fce248ce552b",
            "tags": {
              "Creator": "terraform"
            },
            "taints": [],
            "timeouts": null,
            "type": "vm"
          },
          "sensitive_attributes": [],
          "private": "eyJlMmJmYjczMC1lY2FhLTExZTYtOGY4OC0zNDM2M2JjN2M0YzAiOnsiY3JlYXRlIjoxMjAwMDAwMDAwMDAwLCJkZWxldGUiOjEyMDAwMDAwMDAwMDB9fQ==",
          "dependencies": [
            "data.huaweicloud_availability_zones.azs",
            "module.ops_cluster.data.huaweicloud_availability_zones.this",
            "module.ops_cluster.data.huaweicloud_compute_flavors.this",
            "module.ops_cluster.huaweicloud_cce_cluster.this",
            "module.ops_cluster.huaweicloud_vpc_eip.this",
            "module.ops_vpc.huaweicloud_vpc.this",
            "module.ops_vpc.huaweicloud_vpc_subnet.this"
          ]
        }
      ]
    },
    {
      "module": "module.ops_data_vpc",
      "mode": "managed",
      "type": "huaweicloud_vpc",
      "name": "this",
      "provider": "provider[\"registry.terraform.io/huaweicloud/huaweicloud\"]",
      "instances": [
        {
          "index_key": 0,
          "schema_version": 0,
          "attributes": {
            "cidr": "172.16.0.0/16",
            "description": "",
            "enterprise_project_id": "0",
            "id": "cd1e42df-8292-45e1-beb8-e3b8c8c5daab",
            "name": "ops-data",
            "region": "la-south-2",
            "routes": [],
            "secondary_cidr": null,
            "secondary_cidrs": [],
            "status": "OK",
            "tags": {},
            "timeouts": null
          },
          "sensitive_attributes": [],
          "private": "eyJlMmJmYjczMC1lY2FhLTExZTYtOGY4OC0zNDM2M2JjN2M0YzAiOnsiY3JlYXRlIjo2MDAwMDAwMDAwMDAsImRlbGV0ZSI6MTgwMDAwMDAwMDAwfX0="
        }
      ]
    },
    {
      "module": "module.ops_data_vpc",
      "mode": "managed",
      "type": "huaweicloud_vpc_subnet",
      "name": "this",
      "provider": "provider[\"registry.terraform.io/huaweicloud/huaweicloud\"]",
      "instances": [
        {
          "index_key": 0,
          "schema_version": 0,
          "attributes": {
            "availability_zone": "",
            "cidr": "172.16.0.0/16",
            "description": "",
            "dhcp_enable": true,
            "dhcp_lease_time": null,
            "dns_list": [
              "100.125.1.250",
              "100.125.0.250"
            ],
            "gateway_ip": "172.16.0.1",
            "id": "0eab3f51-79b1-41ce-964a-50d56daea3db",
            "ipv4_subnet_id": "a03bec95-a402-41ac-9c5d-32d8f0d2f61b",
            "ipv6_cidr": "2405:f080:2000:60::/64",
            "ipv6_enable": true,
            "ipv6_gateway": "2405:f080:2000:60::1",
            "ipv6_subnet_id": "644641cb-12c8-4b38-af4c-638f20ffa1a8",
            "name": "ops-data",
            "ntp_server_address": null,
            "primary_dns": "100.125.1.250",
            "region": "la-south-2",
            "secondary_dns": "100.125.0.250",
            "subnet_id": "a03bec95-a402-41ac-9c5d-32d8f0d2f61b",
            "tags": {
              "Name": "ops-data"
            },
            "timeouts": null,
            "vpc_id": "cd1e42df-8292-45e1-beb8-e3b8c8c5daab"
          },
          "sensitive_attributes": [],
          "private": "eyJlMmJmYjczMC1lY2FhLTExZTYtOGY4OC0zNDM2M2JjN2M0YzAiOnsiY3JlYXRlIjozMDAwMDAwMDAwMDAsImRlbGV0ZSI6NjAwMDAwMDAwMDAwfX0=",
          "dependencies": [
            "module.ops_data_vpc.huaweicloud_vpc.this"
          ]
        }
      ]
    },
    {
      "module": "module.ops_vpc",
      "mode": "managed",
      "type": "huaweicloud_vpc",
      "name": "this",
      "provider": "provider[\"registry.terraform.io/huaweicloud/huaweicloud\"]",
      "instances": [
        {
          "index_key": 0,
          "schema_version": 0,
          "attributes": {
            "cidr": "10.0.0.0/19",
            "description": "",
            "enterprise_project_id": "0",
            "id": "c26b10ee-c591-4690-8399-bda836435b08",
            "name": "ops",
            "region": "la-south-2",
            "routes": [
              {
                "destination": "0.0.0.0/0",
                "nexthop": "10.0.1.165"
              },
              {
                "destination": "10.0.34.0/24",
                "nexthop": "10.0.10.70"
              },
              {
                "destination": "10.0.32.0/24",
                "nexthop": "10.0.13.70"
              },
              {
                "destination": "10.0.33.0/24",
                "nexthop": "10.0.3.189"
              }
            ],
            "secondary_cidr": null,
            "secondary_cidrs": [],
            "status": "OK",
            "tags": {},
            "timeouts": null
          },
          "sensitive_attributes": [],
          "private": "eyJlMmJmYjczMC1lY2FhLTExZTYtOGY4OC0zNDM2M2JjN2M0YzAiOnsiY3JlYXRlIjo2MDAwMDAwMDAwMDAsImRlbGV0ZSI6MTgwMDAwMDAwMDAwfX0="
        }
      ]
    },
    {
      "module": "module.ops_vpc",
      "mode": "managed",
      "type": "huaweicloud_vpc_subnet",
      "name": "this",
      "provider": "provider[\"registry.terraform.io/huaweicloud/huaweicloud\"]",
      "instances": [
        {
          "index_key": 0,
          "schema_version": 0,
          "attributes": {
            "availability_zone": "",
            "cidr": "10.0.0.0/20",
            "description": "",
            "dhcp_enable": true,
            "dhcp_lease_time": null,
            "dns_list": [
              "100.125.1.250",
              "100.125.0.250"
            ],
            "gateway_ip": "10.0.0.1",
            "id": "248b4dbd-d96d-48a7-8e21-fce248ce552b",
            "ipv4_subnet_id": "313f7219-8bc9-45b7-9f2d-e25e7deee283",
            "ipv6_cidr": "2405:f080:2000:5f::/64",
            "ipv6_enable": true,
            "ipv6_gateway": "2405:f080:2000:5f::1",
            "ipv6_subnet_id": "4f02230d-f742-4c6a-9098-7795a2599970",
            "name": "ops-internal",
            "ntp_server_address": null,
            "primary_dns": "100.125.1.250",
            "region": "la-south-2",
            "secondary_dns": "100.125.0.250",
            "subnet_id": "313f7219-8bc9-45b7-9f2d-e25e7deee283",
            "tags": {
              "Name": "ops-internal"
            },
            "timeouts": null,
            "vpc_id": "c26b10ee-c591-4690-8399-bda836435b08"
          },
          "sensitive_attributes": [],
          "private": "eyJlMmJmYjczMC1lY2FhLTExZTYtOGY4OC0zNDM2M2JjN2M0YzAiOnsiY3JlYXRlIjozMDAwMDAwMDAwMDAsImRlbGV0ZSI6NjAwMDAwMDAwMDAwfX0=",
          "dependencies": [
            "module.ops_vpc.huaweicloud_vpc.this"
          ]
        }
      ]
    }
  ],
  "check_results": null
}
