{
  "version": 4,
  "terraform_version": "1.5.2",
  "serial": 10,
  "lineage": "dd6d66b1-31ab-61fb-fe4b-58ef5de9e16e",
  "outputs": {},
  "resources": [
    {
      "mode": "data",
      "type": "huaweicloud_availability_zones",
      "name": "azs",
      "provider": "provider[\"registry.terraform.io/huaweicloud/huaweicloud\"]",
      "instances": [
        {
          "schema_version": 0,
          "attributes": {
            "id": "1906147067",
            "names": [
              "la-south-2a",
              "la-south-2b"
            ],
            "region": "la-south-2",
            "state": "available"
          },
          "sensitive_attributes": []
        }
      ]
    },
    {
      "mode": "data",
      "type": "huaweicloud_vpc",
      "name": "ops_vpc",
      "provider": "provider[\"registry.terraform.io/huaweicloud/huaweicloud\"]",
      "instances": [
        {
          "schema_version": 0,
          "attributes": {
            "cidr": "10.0.0.0/19",
            "description": "",
            "enterprise_project_id": "0",
            "id": "c26b10ee-c591-4690-8399-bda836435b08",
            "name": "ops",
            "region": "la-south-2",
            "routes": [
              {
                "destination": "0.0.0.0/0",
                "nexthop": "10.0.1.165"
              },
              {
                "destination": "10.0.34.0/24",
                "nexthop": "10.0.1.91"
              },
              {
                "destination": "10.0.33.0/24",
                "nexthop": "10.0.2.156"
              },
              {
                "destination": "10.0.32.0/24",
                "nexthop": "10.0.2.9"
              }
            ],
            "secondary_cidrs": [],
            "status": "OK",
            "tags": {}
          },
          "sensitive_attributes": []
        }
      ]
    },
    {
      "mode": "managed",
      "type": "huaweicloud_nat_gateway",
      "name": "nat_gateway",
      "provider": "provider[\"registry.terraform.io/huaweicloud/huaweicloud\"]",
      "instances": [
        {
          "schema_version": 0,
          "attributes": {
            "description": "example for net test",
            "enterprise_project_id": "0",
            "id": "a784ec62-b352-473c-9bf7-4c14bb07898a",
            "name": "lower-nat",
            "region": "la-south-2",
            "spec": "1",
            "status": "ACTIVE",
            "subnet_id": "6c0ef307-1b47-4e87-a4b8-c5ce05562ea7",
            "tags": null,
            "timeouts": null,
            "vpc_id": "f21cccbb-0b83-44ab-b603-c0303cb5f5a5"
          },
          "sensitive_attributes": [],
          "private": "eyJlMmJmYjczMC1lY2FhLTExZTYtOGY4OC0zNDM2M2JjN2M0YzAiOnsiY3JlYXRlIjozMDAwMDAwMDAwMDAsImRlbGV0ZSI6MzAwMDAwMDAwMDAwLCJ1cGRhdGUiOjMwMDAwMDAwMDAwMH19",
          "dependencies": [
            "module.lower_vpc.huaweicloud_vpc.this",
            "module.lower_vpc.huaweicloud_vpc_subnet.this"
          ]
        }
      ]
    },
    {
      "mode": "managed",
      "type": "huaweicloud_nat_snat_rule",
      "name": "snat",
      "provider": "provider[\"registry.terraform.io/huaweicloud/huaweicloud\"]",
      "instances": [
        {
          "schema_version": 0,
          "attributes": {
            "cidr": "",
            "description": "",
            "floating_ip_address": "159.138.117.133",
            "floating_ip_id": "323186d0-19ad-4bf1-9941-17f87abcf717",
            "id": "36f87e6e-7244-4890-8de2-2c9543e49e72",
            "nat_gateway_id": "a784ec62-b352-473c-9bf7-4c14bb07898a",
            "network_id": null,
            "region": "la-south-2",
            "source_type": 0,
            "status": "ACTIVE",
            "subnet_id": "6c0ef307-1b47-4e87-a4b8-c5ce05562ea7",
            "timeouts": null
          },
          "sensitive_attributes": [],
          "private": "eyJlMmJmYjczMC1lY2FhLTExZTYtOGY4OC0zNDM2M2JjN2M0YzAiOnsiY3JlYXRlIjozMDAwMDAwMDAwMDAsImRlbGV0ZSI6MzAwMDAwMDAwMDAwLCJ1cGRhdGUiOjMwMDAwMDAwMDAwMH19",
          "dependencies": [
            "huaweicloud_nat_gateway.nat_gateway",
            "huaweicloud_vpc_eip.lower_nat_eip",
            "module.lower_vpc.huaweicloud_vpc.this",
            "module.lower_vpc.huaweicloud_vpc_subnet.this"
          ]
        }
      ]
    },
    {
      "mode": "managed",
      "type": "huaweicloud_vpc_eip",
      "name": "lower_nat_eip",
      "provider": "provider[\"registry.terraform.io/huaweicloud/huaweicloud\"]",
      "instances": [
        {
          "schema_version": 0,
          "attributes": {
            "address": "159.138.117.133",
            "auto_pay": null,
            "auto_renew": null,
            "bandwidth": [
              {
                "charge_mode": "traffic",
                "id": "cffcb167-5e92-42be-9d7c-56ff3a221094",
                "name": "lower-eip",
                "share_type": "PER",
                "size": 300
              }
            ],
            "charging_mode": null,
            "enterprise_project_id": "0",
            "id": "323186d0-19ad-4bf1-9941-17f87abcf717",
            "ipv6_address": "",
            "name": "",
            "period": null,
            "period_unit": null,
            "port_id": "",
            "private_ip": "",
            "publicip": [
              {
                "ip_address": "159.138.117.133",
                "ip_version": 4,
                "port_id": "",
                "type": "5_bgp"
              }
            ],
            "region": "la-south-2",
            "status": "UNBOUND",
            "tags": null,
            "timeouts": null
          },
          "sensitive_attributes": [],
          "private": "eyJlMmJmYjczMC1lY2FhLTExZTYtOGY4OC0zNDM2M2JjN2M0YzAiOnsiY3JlYXRlIjo2MDAwMDAwMDAwMDAsImRlbGV0ZSI6MzAwMDAwMDAwMDAwLCJ1cGRhdGUiOjMwMDAwMDAwMDAwMH19"
        }
      ]
    },
    {
      "mode": "managed",
      "type": "huaweicloud_vpc_peering_connection",
      "name": "peering",
      "provider": "provider[\"registry.terraform.io/huaweicloud/huaweicloud\"]",
      "instances": [
        {
          "schema_version": 0,
          "attributes": {
            "description": "",
            "id": "7d980305-6dee-44ab-95bb-dcfc2973db6c",
            "name": "lower-to-ops",
            "peer_tenant_id": "080a713fea8025202f35c016441197f8",
            "peer_vpc_id": "c26b10ee-c591-4690-8399-bda836435b08",
            "region": "la-south-2",
            "status": "ACTIVE",
            "timeouts": null,
            "vpc_id": "f21cccbb-0b83-44ab-b603-c0303cb5f5a5"
          },
          "sensitive_attributes": [],
          "private": "eyJlMmJmYjczMC1lY2FhLTExZTYtOGY4OC0zNDM2M2JjN2M0YzAiOnsiY3JlYXRlIjo2MDAwMDAwMDAwMDAsImRlbGV0ZSI6NjAwMDAwMDAwMDAwfX0=",
          "dependencies": [
            "data.huaweicloud_vpc.ops_vpc",
            "module.lower_vpc.huaweicloud_vpc.this"
          ]
        }
      ]
    },
    {
      "module": "module.lower_cluster",
      "mode": "data",
      "type": "huaweicloud_compute_flavors",
      "name": "this",
      "provider": "provider[\"registry.terraform.io/huaweicloud/huaweicloud\"]",
      "instances": [
        {
          "schema_version": 0,
          "attributes": {
            "availability_zone": "la-south-2a",
            "cpu_core_count": 2,
            "flavors": [
              {
                "cpu_core_count": 2,
                "generation": "s3",
                "id": "s3.large.2",
                "memory_size": 4,
                "performance_type": "normal"
              },
              {
                "cpu_core_count": 2,
                "generation": "s6",
                "id": "s6.large.2",
                "memory_size": 4,
                "performance_type": "normal"
              }
            ],
            "generation": null,
            "id": "1497903903",
            "ids": [
              "s3.large.2",
              "s6.large.2"
            ],
            "memory_size": 4,
            "performance_type": "normal",
            "region": "la-south-2"
          },
          "sensitive_attributes": []
        }
      ]
    },
    {
      "module": "module.lower_cluster",
      "mode": "managed",
      "type": "huaweicloud_cce_cluster",
      "name": "this",
      "provider": "provider[\"registry.terraform.io/huaweicloud/huaweicloud\"]",
      "instances": [
        {
          "index_key": 0,
          "schema_version": 0,
          "attributes": {
            "alias": "lower-cluster",
            "annotations": null,
            "authenticating_proxy_ca": null,
            "authenticating_proxy_cert": null,
            "authenticating_proxy_private_key": null,
            "authentication_mode": "rbac",
            "auto_pay": null,
            "auto_renew": null,
            "billing_mode": 0,
            "category": "CCE",
            "certificate_clusters": [
              {
                "certificate_authority_data": "LS0tLS1CRUdJTiBDRVJUSUZJQ0FURS0tLS0tCk1JSUREekNDQWZlZ0F3SUJBZ0lCQURBTkJna3Foa2lHOXcwQkFRc0ZBREFwTVJrd0Z3WURWUVFLRXhCRFEwVWcKVkdWamFHNXZiRzluYVdWek1Rd3dDZ1lEVlFRREV3TkRRMFV3SGhjTk1qUXdNVEkzTWpFeE5qRXhXaGNOTkRRdwpNVEkzTWpFeE5qRXhXakFwTVJrd0Z3WURWUVFLRXhCRFEwVWdWR1ZqYUc1dmJHOW5hV1Z6TVF3d0NnWURWUVFECkV3TkRRMFV3Z2dFaU1BMEdDU3FHU0liM0RRRUJBUVVBQTRJQkR3QXdnZ0VLQW9JQkFRQ203WWVuTnFjd2ExdkgKeUwyNmI0dzEwbEQxYi82blFFMHJxeC9sekZTdnd3T3FZcmVJY1lGM1ZyKzFNclVFTGtYMjZqSUdHNURac1hHNgpqWEtKTWdDM3BoVUNBWmdQbUhxaFcxZUMzeS9heUw2elRwVzZ4SGFJQWVNNzNkZjFoczNjYjBpSzFvdmk0Z05uCmM3a1FjQTVFcVVQZGJVU01oaUtzemcyMldMdTBkWjNKUkNWY0tHQU9DQlBJWFEwRFRnYjBRZVNSYjlqbFRnVEkKK0lmd1BrTjJER3c0TkJRYXNmUXVIZXg3QUZpdk5MWXVGTVdqek16Z1RWZjVDZm9VNElBb3BlZ2twd2RiUmZKVQovQUFJd0N4Z2pvelNVNTR2aGw3NjZrbkMzdlRzbzJuUTRURmw0MXRGQTNHR1M5dER0VThRSWNidXdXMCsvbWNMCm5FTUoyQVY3QWdNQkFBR2pRakJBTUE0R0ExVWREd0VCL3dRRUF3SUNwREFQQmdOVkhSTUJBZjhFQlRBREFRSC8KTUIwR0ExVWREZ1FXQkJUZENpSlR0SjNTemNPTlJsaU8zUnIwMFY1dHVEQU5CZ2txaGtpRzl3MEJBUXNGQUFPQwpBUUVBbkNDUWlkbFJmcS8yS1RTWEYzZ3dvVEdmZzlacFJFSTNhMmFiS2NZdDVVRVFWNzl5bFRxZUVWbVRVeHZnCjdkR0tOU0VTR1phYnJ2UHhUZ0FvWXkzcGFlVXEwQ0tqU3RGNHhzeGpHaXNFakJtOTRGYlE4azZIWUVnQm9OQzMKTGJ4dTlUbTZwZXhYc0pLK0psbzJ4N1VRdHVqSm54a0N5VDhVTitxR0FQcWswK04zcGE4aGRDR05mTmlPdjZhWApEMndKRGtHbGk4akNSV1Noa1d0R2tST3lYNFJkckpzYlhSc2pjQzczdlpUL1RUSUFGVlVPUlNqMTFrZ0h6S3pPCmRoa2NyK1pDVVExM3pQNlVuY0NBKy9IQW9wWXk5amg0UEovOVZWS25LMUZlMFZnL2xhTWk0S1RhcUlnQ2Z6OFQKVzFidGRQQUFZNnlSejExbitwcFh2VWI4dmc9PQotLS0tLUVORCBDRVJUSUZJQ0FURS0tLS0tCg==",
                "name": "internalCluster",
                "server": "https://10.1.12.249:5443"
              }
            ],
            "certificate_users": [
              {
                "client_certificate_data": "LS0tLS1CRUdJTiBDRVJUSUZJQ0FURS0tLS0tCk1JSURsVENDQW4yZ0F3SUJBZ0lJYUZ6M1IwYVVqR0V3RFFZSktvWklodmNOQVFFTEJRQXdLVEVaTUJjR0ExVUUKQ2hNUVEwTkZJRlJsWTJodWIyeHZaMmxsY3pFTU1Bb0dBMVVFQXhNRFEwTkZNQjRYRFRJME1ERXlOekl4TWpBeQpPRm9YRFRJNU1ERXlOekl4TWpBeU9Gb3dnYUV4ZERBUUJnTlZCQW9UQ1dOalpUcDFjMlZ5Y3pBbkJnTlZCQW9UCklEQTRNR0UyTWpnME1qZ3dNREJtWldNelpqZGxZekF4Tm1aa1lqSmpPVFZsTURjR0ExVUVDaE13Wm1GaVpXWXgKTldWak5XTTVORFV3T1RnMlpUVTFOVFZsTUdNeE9UaGxOVGN0WTJWeWRDMHhOekEyTXprd05ESTNNU2t3SndZRApWUVFERXlCbVlXSmxaakUxWldNMVl6azBOVEE1T0RabE5UVTFOV1V3WXpFNU9HVTFOekNDQVNJd0RRWUpLb1pJCmh2Y05BUUVCQlFBRGdnRVBBRENDQVFvQ2dnRUJBS2J0aDZjMnB6QnJXOGZJdmJwdmpEWFNVUFZ2L3FkQVRTdXIKSCtYTVZLL0RBNnBpdDRoeGdYZFd2N1V5dFFRdVJmYnFNZ1lia05teGNicU5jb2t5QUxlbUZRSUJtQStZZXFGYgpWNExmTDlySXZyTk9sYnJFZG9nQjR6dmQxL1dHemR4dlNJcldpK0xpQTJkenVSQndEa1NwUTkxdFJJeUdJcXpPCkRiWll1N1IxbmNsRUpWd29ZQTRJRThoZERRTk9CdlJCNUpGdjJPVk9CTWo0aC9BK1EzWU1iRGcwRkJxeDlDNGQKN0hzQVdLODB0aTRVeGFQTXpPQk5WL2tKK2hUZ2dDaWw2Q1NuQjF0RjhsVDhBQWpBTEdDT2pOSlRuaStHWHZycQpTY0xlOU95amFkRGhNV1hqVzBVRGNZWkwyME8xVHhBaHh1N0JiVDcrWnd1Y1F3bllCWHNDQXdFQUFhTklNRVl3CkRnWURWUjBQQVFIL0JBUURBZ1dnTUJNR0ExVWRKUVFNTUFvR0NDc0dBUVVGQndNQ01COEdBMVVkSXdRWU1CYUEKRk4wS0lsTzBuZExOdzQxR1dJN2RHdlRSWG0yNE1BMEdDU3FHU0liM0RRRUJDd1VBQTRJQkFRQWJhYmVWdUpBdApvYzU3TlNOZzJlK3ltcWpVTTFjano0MXJXbVhtbk5NVDIweTNQTlpBbG55VDBBdU9BUmU1RUNpSDVlRlhiLzhWCnZhSXdUUUJVNTM2T0JsMWRXRmlNVXYrSVNLUklzSXVsSDhhdCsvT2JVSjZSWCs5N1VteGwyekdHa0treFNRTGsKblY4YjhtaGpLMXloeUxXdUJTQmRHWk1YUVgzdlVvZ3d3YmI0U0tFRHZ1K2xuaWhIY0VNbVNkOFVYcTlaM0JoRwprSGwrTDdLWmJwMm1kTWhENXpudDM4SjM0NHk4WkNxeE93M0l5VFJ0WXQyQ3JXQk0xNzA5eFZwMmJsM2gzL0VtClNPZ3NneUkxTE5zNjh5Y3dEc1c2RUg0eFpyVlZRaTlkTWhwVXJOYllMOUpjUGkxbmxHL3lNWWJoODFNcTRhM3AKbzExSEF0U1l3U2xSCi0tLS0tRU5EIENFUlRJRklDQVRFLS0tLS0K",
                "client_key_data": "LS0tLS1CRUdJTiBSU0EgUFJJVkFURSBLRVktLS0tLQpNSUlFb3dJQkFBS0NBUUVBcHUySHB6YW5NR3RieDhpOXVtK01OZEpROVcvK3AwQk5LNnNmNWN4VXI4TURxbUszCmlIR0JkMWEvdFRLMUJDNUY5dW95Qmh1UTJiRnh1bzF5aVRJQXQ2WVZBZ0dZRDVoNm9WdFhndDh2MnNpK3MwNlYKdXNSMmlBSGpPOTNYOVliTjNHOUlpdGFMNHVJRFozTzVFSEFPUktsRDNXMUVqSVlpck00TnRsaTd0SFdkeVVRbApYQ2hnRGdnVHlGME5BMDRHOUVIa2tXL1k1VTRFeVBpSDhENURkZ3hzT0RRVUdySDBMaDNzZXdCWXJ6UzJMaFRGCm84ek00RTFYK1FuNkZPQ0FLS1hvSktjSFcwWHlWUHdBQ01Bc1lJNk0wbE9lTDRaZSt1cEp3dDcwN0tOcDBPRXgKWmVOYlJRTnhoa3ZiUTdWUEVDSEc3c0Z0UHY1bkM1eERDZGdGZXdJREFRQUJBb0lCQUdjNXRjeGFpTEx4Z05VZgp0dXZtZFE4SFd0Y2NCWjdKcmE4V2FHaERuZzcraW5MQUR2ektMQ1J2T2FmRWpwbmlQNU84S1drTGZOeVIxV0ZtCmZQQ0lRbGRPMWVqaXNYVGJkdUgzU1R0OTV1cmxmc0FGRmFSa1AyUkZ2bzVUMW10WGpGQUhaUld1TE4wRnBOTkIKaGF5N2pxYzVBT1daMzIwQ3VjaWd0MndPblN5dkcwOHp3OURqVUVTZzRpVHptWUNFdGVNYWtZKzlvTTcyTGxoMApQVTlodC9PcXp5WUxQNWFiMHJzS0FVUkpJaU1PcmdvUmlwNm80M0N1YzZhL09weFdTQkZJWmNFZTdlUnorbGJKCkx2cDJxSUY1NjF2azM4MWx1RzdzVzRIQ2pqQkhxdi9ZRVVGQjkzTURNMEN2NjJPbXhtSTVobkN5aXJuMDJqeEEKeDZMZTF6a0NnWUVBekdPSnl3bXRRNnZHbTBqTDJ6ZHpXZS9aMWpINHJINnVFTmlRSVNYaHJEZFEvMWovUEFtTgphSEQ0OXZqemNTT21sYkdMN1p5bUFCZ2hXVVYycDlUSXBEWVl5R2hFS2pUL0ZiOHFIQVlRRTk1dmxnZkI4ellBCklOOUd6elN4SnloOVhzUzh3eDZjekMxNmdaQk5SbXFaZjQwNXNKMGMyNHdNekJTMitqT0RPR2NDZ1lFQTBSUmYKcTBlNm15c1BEVGNZcmlEd21Vd2pEQ2RkY3JQdmw4WDMwQk1YeGhNL3V6aEZQUVhJV0JNbUljc0lLNmhoT2dVOQpFZHp5S3Z5YURtd3o5Z0pjS281aUdhU3JMejhLRlR4TzBBN2JOVHJWWEt0Z0U2ZVVjWnhqY1Y2N3RFUTBCVG40CldHbjhJdlNGOHFWeEhFVVVpOHVtc3JJVXlMUE1tQmlRWUFkQWJjMENnWUIxTHpER3Q1S2V0UE1XL3lMYVdpMkoKeUNubVZCcFdrLzhxNjIrZmdiK2s1TVpNMFBMdHNqQmdURDJDSkhRM1R4Qm96VFlFRXdkZUVIZTJYa3hNcDRRdQpHbElWUFNxdjVGaklXQ1ZGa2ZoUDIvMndVRnhVSElid1VmT2dRMzY2aTgxdHMzRGlraittRlFFakhlQWdXbWdOCnFLUUY3ZDZveGVCa2RnLyszZUFEU3dLQmdRQ2p0R0ljQ0RPeUh3clAvQjNVNlhHNWRnWFRGRmQwNGpKdEVkS3gKRnVIOGMwSHBZMnZERmU0Q0dDdzVOWEdXVFdhak9VclIyNys1ck1Nckc4bXJpN21Da0sxN0NwWUdqa05rMFMyYwpkcVZvamtKVkp0STVVWE5IYVgzclhKTjMyQmNyS0hLdE4zNzJGNk54azl4Mm1CZzRSU0ttdEF6V0FRSG03UVRPClM1OUUyUUtCZ0RpcVkxVkJDVy9aZXoybWRQQzZPSHBKNzNWZDA5UHZFWjhOMDg2dWF2YUM0UjYvY3JvVThVWkMKK3hQNE51cWk4UWxlYXF5SC9UNXNWUVRjUG1aaXJrczRrSlg3bTV2MTU3cmxpVDBlb3hheHo1Q3lBT3FETU1QRApCRHZ1cFFHUjNaNjFvVlhMRGt4L2g2MkxzeHBTZWV2eXBRdnRiZzI5UXpkTEpNUDJ4eXppCi0tLS0tRU5EIFJTQSBQUklWQVRFIEtFWS0tLS0tCg==",
                "name": "user"
              }
            ],
            "charging_mode": null,
            "cluster_type": "VirtualMachine",
            "cluster_version": "v1.27",
            "component_configurations": [],
            "container_network_cidr": "10.1.32.0/20",
            "container_network_type": "vpc-router",
            "custom_san": [],
            "delete_all": "true",
            "delete_efs": null,
            "delete_eni": null,
            "delete_evs": null,
            "delete_net": null,
            "delete_obs": null,
            "delete_sfs": null,
            "description": "",
            "eip": null,
            "enable_distribute_management": null,
            "eni_subnet_cidr": "",
            "eni_subnet_id": "",
            "enterprise_project_id": "0",
            "extend_param": null,
            "extend_params": [],
            "flavor_id": "cce.s2.small",
            "hibernate": null,
            "highway_subnet_id": "",
            "id": "1007f0a0-bd59-11ee-bfc6-0255ac10023a",
            "ipv6_enable": false,
            "kube_config_raw": "{\"apiVersion\":\"v1\",\"clusters\":[{\"cluster\":{\"certificate-authority-data\":\"LS0tLS1CRUdJTiBDRVJUSUZJQ0FURS0tLS0tCk1JSUREekNDQWZlZ0F3SUJBZ0lCQURBTkJna3Foa2lHOXcwQkFRc0ZBREFwTVJrd0Z3WURWUVFLRXhCRFEwVWcKVkdWamFHNXZiRzluYVdWek1Rd3dDZ1lEVlFRREV3TkRRMFV3SGhjTk1qUXdNVEkzTWpFeE5qRXhXaGNOTkRRdwpNVEkzTWpFeE5qRXhXakFwTVJrd0Z3WURWUVFLRXhCRFEwVWdWR1ZqYUc1dmJHOW5hV1Z6TVF3d0NnWURWUVFECkV3TkRRMFV3Z2dFaU1BMEdDU3FHU0liM0RRRUJBUVVBQTRJQkR3QXdnZ0VLQW9JQkFRQ203WWVuTnFjd2ExdkgKeUwyNmI0dzEwbEQxYi82blFFMHJxeC9sekZTdnd3T3FZcmVJY1lGM1ZyKzFNclVFTGtYMjZqSUdHNURac1hHNgpqWEtKTWdDM3BoVUNBWmdQbUhxaFcxZUMzeS9heUw2elRwVzZ4SGFJQWVNNzNkZjFoczNjYjBpSzFvdmk0Z05uCmM3a1FjQTVFcVVQZGJVU01oaUtzemcyMldMdTBkWjNKUkNWY0tHQU9DQlBJWFEwRFRnYjBRZVNSYjlqbFRnVEkKK0lmd1BrTjJER3c0TkJRYXNmUXVIZXg3QUZpdk5MWXVGTVdqek16Z1RWZjVDZm9VNElBb3BlZ2twd2RiUmZKVQovQUFJd0N4Z2pvelNVNTR2aGw3NjZrbkMzdlRzbzJuUTRURmw0MXRGQTNHR1M5dER0VThRSWNidXdXMCsvbWNMCm5FTUoyQVY3QWdNQkFBR2pRakJBTUE0R0ExVWREd0VCL3dRRUF3SUNwREFQQmdOVkhSTUJBZjhFQlRBREFRSC8KTUIwR0ExVWREZ1FXQkJUZENpSlR0SjNTemNPTlJsaU8zUnIwMFY1dHVEQU5CZ2txaGtpRzl3MEJBUXNGQUFPQwpBUUVBbkNDUWlkbFJmcS8yS1RTWEYzZ3dvVEdmZzlacFJFSTNhMmFiS2NZdDVVRVFWNzl5bFRxZUVWbVRVeHZnCjdkR0tOU0VTR1phYnJ2UHhUZ0FvWXkzcGFlVXEwQ0tqU3RGNHhzeGpHaXNFakJtOTRGYlE4azZIWUVnQm9OQzMKTGJ4dTlUbTZwZXhYc0pLK0psbzJ4N1VRdHVqSm54a0N5VDhVTitxR0FQcWswK04zcGE4aGRDR05mTmlPdjZhWApEMndKRGtHbGk4akNSV1Noa1d0R2tST3lYNFJkckpzYlhSc2pjQzczdlpUL1RUSUFGVlVPUlNqMTFrZ0h6S3pPCmRoa2NyK1pDVVExM3pQNlVuY0NBKy9IQW9wWXk5amg0UEovOVZWS25LMUZlMFZnL2xhTWk0S1RhcUlnQ2Z6OFQKVzFidGRQQUFZNnlSejExbitwcFh2VWI4dmc9PQotLS0tLUVORCBDRVJUSUZJQ0FURS0tLS0tCg==\",\"server\":\"https://10.1.12.249:5443\"},\"name\":\"internalCluster\"}],\"contexts\":[{\"context\":{\"cluster\":\"internalCluster\",\"user\":\"user\"},\"name\":\"internal\"}],\"current-context\":\"internal\",\"kind\":\"Config\",\"preferences\":{},\"users\":[{\"name\":\"user\",\"user\":{\"client-certificate-data\":\"LS0tLS1CRUdJTiBDRVJUSUZJQ0FURS0tLS0tCk1JSURsVENDQW4yZ0F3SUJBZ0lJYUZ6M1IwYVVqR0V3RFFZSktvWklodmNOQVFFTEJRQXdLVEVaTUJjR0ExVUUKQ2hNUVEwTkZJRlJsWTJodWIyeHZaMmxsY3pFTU1Bb0dBMVVFQXhNRFEwTkZNQjRYRFRJME1ERXlOekl4TWpBeQpPRm9YRFRJNU1ERXlOekl4TWpBeU9Gb3dnYUV4ZERBUUJnTlZCQW9UQ1dOalpUcDFjMlZ5Y3pBbkJnTlZCQW9UCklEQTRNR0UyTWpnME1qZ3dNREJtWldNelpqZGxZekF4Tm1aa1lqSmpPVFZsTURjR0ExVUVDaE13Wm1GaVpXWXgKTldWak5XTTVORFV3T1RnMlpUVTFOVFZsTUdNeE9UaGxOVGN0WTJWeWRDMHhOekEyTXprd05ESTNNU2t3SndZRApWUVFERXlCbVlXSmxaakUxWldNMVl6azBOVEE1T0RabE5UVTFOV1V3WXpFNU9HVTFOekNDQVNJd0RRWUpLb1pJCmh2Y05BUUVCQlFBRGdnRVBBRENDQVFvQ2dnRUJBS2J0aDZjMnB6QnJXOGZJdmJwdmpEWFNVUFZ2L3FkQVRTdXIKSCtYTVZLL0RBNnBpdDRoeGdYZFd2N1V5dFFRdVJmYnFNZ1lia05teGNicU5jb2t5QUxlbUZRSUJtQStZZXFGYgpWNExmTDlySXZyTk9sYnJFZG9nQjR6dmQxL1dHemR4dlNJcldpK0xpQTJkenVSQndEa1NwUTkxdFJJeUdJcXpPCkRiWll1N1IxbmNsRUpWd29ZQTRJRThoZERRTk9CdlJCNUpGdjJPVk9CTWo0aC9BK1EzWU1iRGcwRkJxeDlDNGQKN0hzQVdLODB0aTRVeGFQTXpPQk5WL2tKK2hUZ2dDaWw2Q1NuQjF0RjhsVDhBQWpBTEdDT2pOSlRuaStHWHZycQpTY0xlOU95amFkRGhNV1hqVzBVRGNZWkwyME8xVHhBaHh1N0JiVDcrWnd1Y1F3bllCWHNDQXdFQUFhTklNRVl3CkRnWURWUjBQQVFIL0JBUURBZ1dnTUJNR0ExVWRKUVFNTUFvR0NDc0dBUVVGQndNQ01COEdBMVVkSXdRWU1CYUEKRk4wS0lsTzBuZExOdzQxR1dJN2RHdlRSWG0yNE1BMEdDU3FHU0liM0RRRUJDd1VBQTRJQkFRQWJhYmVWdUpBdApvYzU3TlNOZzJlK3ltcWpVTTFjano0MXJXbVhtbk5NVDIweTNQTlpBbG55VDBBdU9BUmU1RUNpSDVlRlhiLzhWCnZhSXdUUUJVNTM2T0JsMWRXRmlNVXYrSVNLUklzSXVsSDhhdCsvT2JVSjZSWCs5N1VteGwyekdHa0treFNRTGsKblY4YjhtaGpLMXloeUxXdUJTQmRHWk1YUVgzdlVvZ3d3YmI0U0tFRHZ1K2xuaWhIY0VNbVNkOFVYcTlaM0JoRwprSGwrTDdLWmJwMm1kTWhENXpudDM4SjM0NHk4WkNxeE93M0l5VFJ0WXQyQ3JXQk0xNzA5eFZwMmJsM2gzL0VtClNPZ3NneUkxTE5zNjh5Y3dEc1c2RUg0eFpyVlZRaTlkTWhwVXJOYllMOUpjUGkxbmxHL3lNWWJoODFNcTRhM3AKbzExSEF0U1l3U2xSCi0tLS0tRU5EIENFUlRJRklDQVRFLS0tLS0K\",\"client-key-data\":\"LS0tLS1CRUdJTiBSU0EgUFJJVkFURSBLRVktLS0tLQpNSUlFb3dJQkFBS0NBUUVBcHUySHB6YW5NR3RieDhpOXVtK01OZEpROVcvK3AwQk5LNnNmNWN4VXI4TURxbUszCmlIR0JkMWEvdFRLMUJDNUY5dW95Qmh1UTJiRnh1bzF5aVRJQXQ2WVZBZ0dZRDVoNm9WdFhndDh2MnNpK3MwNlYKdXNSMmlBSGpPOTNYOVliTjNHOUlpdGFMNHVJRFozTzVFSEFPUktsRDNXMUVqSVlpck00TnRsaTd0SFdkeVVRbApYQ2hnRGdnVHlGME5BMDRHOUVIa2tXL1k1VTRFeVBpSDhENURkZ3hzT0RRVUdySDBMaDNzZXdCWXJ6UzJMaFRGCm84ek00RTFYK1FuNkZPQ0FLS1hvSktjSFcwWHlWUHdBQ01Bc1lJNk0wbE9lTDRaZSt1cEp3dDcwN0tOcDBPRXgKWmVOYlJRTnhoa3ZiUTdWUEVDSEc3c0Z0UHY1bkM1eERDZGdGZXdJREFRQUJBb0lCQUdjNXRjeGFpTEx4Z05VZgp0dXZtZFE4SFd0Y2NCWjdKcmE4V2FHaERuZzcraW5MQUR2ektMQ1J2T2FmRWpwbmlQNU84S1drTGZOeVIxV0ZtCmZQQ0lRbGRPMWVqaXNYVGJkdUgzU1R0OTV1cmxmc0FGRmFSa1AyUkZ2bzVUMW10WGpGQUhaUld1TE4wRnBOTkIKaGF5N2pxYzVBT1daMzIwQ3VjaWd0MndPblN5dkcwOHp3OURqVUVTZzRpVHptWUNFdGVNYWtZKzlvTTcyTGxoMApQVTlodC9PcXp5WUxQNWFiMHJzS0FVUkpJaU1PcmdvUmlwNm80M0N1YzZhL09weFdTQkZJWmNFZTdlUnorbGJKCkx2cDJxSUY1NjF2azM4MWx1RzdzVzRIQ2pqQkhxdi9ZRVVGQjkzTURNMEN2NjJPbXhtSTVobkN5aXJuMDJqeEEKeDZMZTF6a0NnWUVBekdPSnl3bXRRNnZHbTBqTDJ6ZHpXZS9aMWpINHJINnVFTmlRSVNYaHJEZFEvMWovUEFtTgphSEQ0OXZqemNTT21sYkdMN1p5bUFCZ2hXVVYycDlUSXBEWVl5R2hFS2pUL0ZiOHFIQVlRRTk1dmxnZkI4ellBCklOOUd6elN4SnloOVhzUzh3eDZjekMxNmdaQk5SbXFaZjQwNXNKMGMyNHdNekJTMitqT0RPR2NDZ1lFQTBSUmYKcTBlNm15c1BEVGNZcmlEd21Vd2pEQ2RkY3JQdmw4WDMwQk1YeGhNL3V6aEZQUVhJV0JNbUljc0lLNmhoT2dVOQpFZHp5S3Z5YURtd3o5Z0pjS281aUdhU3JMejhLRlR4TzBBN2JOVHJWWEt0Z0U2ZVVjWnhqY1Y2N3RFUTBCVG40CldHbjhJdlNGOHFWeEhFVVVpOHVtc3JJVXlMUE1tQmlRWUFkQWJjMENnWUIxTHpER3Q1S2V0UE1XL3lMYVdpMkoKeUNubVZCcFdrLzhxNjIrZmdiK2s1TVpNMFBMdHNqQmdURDJDSkhRM1R4Qm96VFlFRXdkZUVIZTJYa3hNcDRRdQpHbElWUFNxdjVGaklXQ1ZGa2ZoUDIvMndVRnhVSElid1VmT2dRMzY2aTgxdHMzRGlraittRlFFakhlQWdXbWdOCnFLUUY3ZDZveGVCa2RnLyszZUFEU3dLQmdRQ2p0R0ljQ0RPeUh3clAvQjNVNlhHNWRnWFRGRmQwNGpKdEVkS3gKRnVIOGMwSHBZMnZERmU0Q0dDdzVOWEdXVFdhak9VclIyNys1ck1Nckc4bXJpN21Da0sxN0NwWUdqa05rMFMyYwpkcVZvamtKVkp0STVVWE5IYVgzclhKTjMyQmNyS0hLdE4zNzJGNk54azl4Mm1CZzRSU0ttdEF6V0FRSG03UVRPClM1OUUyUUtCZ0RpcVkxVkJDVy9aZXoybWRQQzZPSHBKNzNWZDA5UHZFWjhOMDg2dWF2YUM0UjYvY3JvVThVWkMKK3hQNE51cWk4UWxlYXF5SC9UNXNWUVRjUG1aaXJrczRrSlg3bTV2MTU3cmxpVDBlb3hheHo1Q3lBT3FETU1QRApCRHZ1cFFHUjNaNjFvVlhMRGt4L2g2MkxzeHBTZWV2eXBRdnRiZzI5UXpkTEpNUDJ4eXppCi0tLS0tRU5EIFJTQSBQUklWQVRFIEtFWS0tLS0tCg==\"}}]}\n",
            "kube_proxy_mode": "iptables",
            "labels": null,
            "masters": [
              {
                "availability_zone": "la-south-2a"
              },
              {
                "availability_zone": "la-south-2b"
              },
              {
                "availability_zone": "la-south-2b"
              }
            ],
            "multi_az": null,
            "name": "lower-cluster",
            "period": null,
            "period_unit": null,
            "region": "la-south-2",
            "security_group_id": "8132cf3e-d73e-491d-beeb-cc65167c2281",
            "service_network_cidr": "10.1.48.0/20",
            "status": "Available",
            "subnet_id": "6c0ef307-1b47-4e87-a4b8-c5ce05562ea7",
            "support_istio": true,
            "tags": null,
            "timeouts": null,
            "vpc_id": "f21cccbb-0b83-44ab-b603-c0303cb5f5a5"
          },
          "sensitive_attributes": [],
          "private": "eyJlMmJmYjczMC1lY2FhLTExZTYtOGY4OC0zNDM2M2JjN2M0YzAiOnsiY3JlYXRlIjoxODAwMDAwMDAwMDAwLCJkZWxldGUiOjE4MDAwMDAwMDAwMDAsInVwZGF0ZSI6MTgwMDAwMDAwMDAwMH19",
          "dependencies": [
            "data.huaweicloud_availability_zones.azs",
            "module.lower_cluster.data.huaweicloud_availability_zones.this",
            "module.lower_cluster.huaweicloud_vpc_eip.this",
            "module.lower_vpc.huaweicloud_vpc.this",
            "module.lower_vpc.huaweicloud_vpc_subnet.this"
          ]
        }
      ]
    },
    {
      "module": "module.lower_cluster",
      "mode": "managed",
      "type": "huaweicloud_cce_node",
      "name": "this",
      "provider": "provider[\"registry.terraform.io/huaweicloud/huaweicloud\"]",
      "instances": [
        {
          "index_key": 0,
          "schema_version": 0,
          "attributes": {
            "annotations": null,
            "auto_pay": null,
            "auto_renew": null,
            "availability_zone": "la-south-2a",
            "bandwidth_charge_mode": null,
            "bandwidth_size": null,
            "billing_mode": null,
            "charging_mode": null,
            "cluster_id": "1007f0a0-bd59-11ee-bfc6-0255ac10023a",
            "data_volumes": [
              {
                "dss_pool_id": "",
                "extend_param": "",
                "extend_params": {},
                "hw_passthrough": false,
                "kms_key_id": "",
                "size": 100,
                "volumetype": "SAS"
              }
            ],
            "dedicated_host_id": null,
            "ecs_group_id": "",
            "ecs_performance_type": null,
            "eip_id": null,
            "eip_ids": null,
            "extend_param": null,
            "extend_param_charging_mode": null,
            "extend_params": [],
            "extension_nics": [],
            "fixed_ip": null,
            "flavor_id": "s6.large.2",
            "id": "e979ebc1-bd59-11ee-9cf1-0255ac100248",
            "initialized_conditions": [],
            "iptype": null,
            "keep_ecs": null,
            "key_pair": "",
            "labels": null,
            "max_pods": null,
            "name": "lower-control",
            "order_id": null,
            "os": "EulerOS 2.9",
            "partition": null,
            "password": "Altron194$",
            "period": null,
            "period_unit": null,
            "postinstall": null,
            "preinstall": null,
            "private_ip": "10.1.7.227",
            "private_key": null,
            "product_id": null,
            "public_ip": "",
            "public_key": null,
            "region": "la-south-2",
            "root_volume": [
              {
                "dss_pool_id": "",
                "extend_param": "",
                "extend_params": {},
                "hw_passthrough": false,
                "kms_key_id": "",
                "size": 50,
                "volumetype": "SSD"
              }
            ],
            "runtime": "containerd",
            "server_id": "1cccf2c9-6195-41e5-a4db-8c5fa7868db2",
            "sharetype": null,
            "status": "Active",
            "storage": [],
            "subnet_id": "6c0ef307-1b47-4e87-a4b8-c5ce05562ea7",
            "tags": {
              "Creator": "terraform"
            },
            "taints": [],
            "timeouts": null
          },
          "sensitive_attributes": [],
          "private": "eyJlMmJmYjczMC1lY2FhLTExZTYtOGY4OC0zNDM2M2JjN2M0YzAiOnsiY3JlYXRlIjoxMjAwMDAwMDAwMDAwLCJkZWxldGUiOjEyMDAwMDAwMDAwMDAsInVwZGF0ZSI6MTIwMDAwMDAwMDAwMH19",
          "dependencies": [
            "data.huaweicloud_availability_zones.azs",
            "module.lower_cluster.data.huaweicloud_availability_zones.this",
            "module.lower_cluster.data.huaweicloud_compute_flavors.this",
            "module.lower_cluster.huaweicloud_cce_cluster.this",
            "module.lower_cluster.huaweicloud_vpc_eip.this",
            "module.lower_vpc.huaweicloud_vpc.this",
            "module.lower_vpc.huaweicloud_vpc_subnet.this"
          ]
        }
      ]
    },
    {
      "module": "module.lower_cluster",
      "mode": "managed",
      "type": "huaweicloud_cce_node_pool",
      "name": "this",
      "provider": "provider[\"registry.terraform.io/huaweicloud/huaweicloud\"]",
      "instances": [
        {
          "index_key": 0,
          "schema_version": 0,
          "attributes": {
            "auto_renew": null,
            "availability_zone": "la-south-2a",
            "billing_mode": 0,
            "charging_mode": null,
            "cluster_id": "1007f0a0-bd59-11ee-bfc6-0255ac10023a",
            "current_node_count": 2,
            "data_volumes": [
              {
                "dss_pool_id": "",
                "extend_param": "",
                "extend_params": {},
                "hw_passthrough": false,
                "kms_key_id": "",
                "size": 100,
                "volumetype": "SAS"
              }
            ],
            "ecs_group_id": "",
            "extend_param": null,
            "extend_params": [],
            "flavor_id": "s6.large.2",
            "id": "e924072e-bd59-11ee-bfc6-0255ac10023a",
            "initial_node_count": 2,
            "initialized_conditions": [],
            "key_pair": "",
            "labels": null,
            "max_node_count": 3,
            "max_pods": null,
            "min_node_count": 2,
            "name": "lower-primary",
            "os": "EulerOS 2.9",
            "password": "Altron194$",
            "period": null,
            "period_unit": null,
            "pod_security_groups": null,
            "postinstall": null,
            "preinstall": null,
            "priority": 0,
            "region": "la-south-2",
            "root_volume": [
              {
                "dss_pool_id": "",
                "extend_param": "",
                "extend_params": {},
                "hw_passthrough": false,
                "kms_key_id": "",
                "size": 50,
                "volumetype": "SSD"
              }
            ],
            "runtime": "",
            "scale_down_cooldown_time": 0,
            "scall_enable": false,
            "security_groups": [],
            "status": "",
            "storage": [],
            "subnet_id": "6c0ef307-1b47-4e87-a4b8-c5ce05562ea7",
            "tags": {
              "Creator": "terraform"
            },
            "taints": [],
            "timeouts": null,
            "type": "vm"
          },
          "sensitive_attributes": [],
          "private": "eyJlMmJmYjczMC1lY2FhLTExZTYtOGY4OC0zNDM2M2JjN2M0YzAiOnsiY3JlYXRlIjoxMjAwMDAwMDAwMDAwLCJkZWxldGUiOjEyMDAwMDAwMDAwMDB9fQ==",
          "dependencies": [
            "data.huaweicloud_availability_zones.azs",
            "module.lower_cluster.data.huaweicloud_availability_zones.this",
            "module.lower_cluster.data.huaweicloud_compute_flavors.this",
            "module.lower_cluster.huaweicloud_cce_cluster.this",
            "module.lower_cluster.huaweicloud_vpc_eip.this",
            "module.lower_vpc.huaweicloud_vpc.this",
            "module.lower_vpc.huaweicloud_vpc_subnet.this"
          ]
        }
      ]
    },
    {
      "module": "module.lower_vpc",
      "mode": "managed",
      "type": "huaweicloud_vpc",
      "name": "this",
      "provider": "provider[\"registry.terraform.io/huaweicloud/huaweicloud\"]",
      "instances": [
        {
          "index_key": 0,
          "schema_version": 0,
          "attributes": {
            "cidr": "10.1.0.0/19",
            "description": "",
            "enterprise_project_id": "0",
            "id": "f21cccbb-0b83-44ab-b603-c0303cb5f5a5",
            "name": "lower",
            "region": "la-south-2",
            "routes": [],
            "secondary_cidr": null,
            "secondary_cidrs": [],
            "status": "OK",
            "tags": null,
            "timeouts": null
          },
          "sensitive_attributes": [],
          "private": "eyJlMmJmYjczMC1lY2FhLTExZTYtOGY4OC0zNDM2M2JjN2M0YzAiOnsiY3JlYXRlIjo2MDAwMDAwMDAwMDAsImRlbGV0ZSI6MTgwMDAwMDAwMDAwfX0="
        }
      ]
    },
    {
      "module": "module.lower_vpc",
      "mode": "managed",
      "type": "huaweicloud_vpc_subnet",
      "name": "this",
      "provider": "provider[\"registry.terraform.io/huaweicloud/huaweicloud\"]",
      "instances": [
        {
          "index_key": 0,
          "schema_version": 0,
          "attributes": {
            "availability_zone": "",
            "cidr": "10.1.0.0/20",
            "description": "",
            "dhcp_enable": true,
            "dhcp_lease_time": null,
            "dns_list": [
              "100.125.1.250",
              "100.125.0.250"
            ],
            "gateway_ip": "10.1.0.1",
            "id": "6c0ef307-1b47-4e87-a4b8-c5ce05562ea7",
            "ipv4_subnet_id": "c751b34e-f066-48ba-b890-d75b8876df73",
            "ipv6_cidr": "2405:f080:2000:61::/64",
            "ipv6_enable": true,
            "ipv6_gateway": "2405:f080:2000:61::1",
            "ipv6_subnet_id": "add44207-5592-4895-8ed1-94a07b20ac4b",
            "name": "lower-internal",
            "ntp_server_address": null,
            "primary_dns": "100.125.1.250",
            "region": "la-south-2",
            "secondary_dns": "100.125.0.250",
            "subnet_id": "c751b34e-f066-48ba-b890-d75b8876df73",
            "tags": {
              "Name": "lower-internal"
            },
            "timeouts": null,
            "vpc_id": "f21cccbb-0b83-44ab-b603-c0303cb5f5a5"
          },
          "sensitive_attributes": [],
          "private": "eyJlMmJmYjczMC1lY2FhLTExZTYtOGY4OC0zNDM2M2JjN2M0YzAiOnsiY3JlYXRlIjozMDAwMDAwMDAwMDAsImRlbGV0ZSI6NjAwMDAwMDAwMDAwfX0=",
          "dependencies": [
            "module.lower_vpc.huaweicloud_vpc.this"
          ]
        }
      ]
    }
  ],
  "check_results": null
}
